// !$*UTF8*$!
{
	archiveVersion = 1;
	classes = {
	};
	objectVersion = 50;
	objects = {

/* Begin PBXBuildFile section */
		1C03215E2379BE9B000D95BA /* main.cpp in Sources */ = {isa = PBXBuildFile; fileRef = 1C03215D2379BE9B000D95BA /* main.cpp */; };
		1C0321692379C247000D95BA /* main.cpp in Sources */ = {isa = PBXBuildFile; fileRef = 1C0321682379C247000D95BA /* main.cpp */; };
		1C72CFD6238D6E7800EB7D35 /* main.cpp in Sources */ = {isa = PBXBuildFile; fileRef = 1C72CFD5238D6E7800EB7D35 /* main.cpp */; };
		1C72CFE2238D704900EB7D35 /* main.cpp in Sources */ = {isa = PBXBuildFile; fileRef = 1C72CFE1238D704900EB7D35 /* main.cpp */; };
		1C72CFEE238D72F800EB7D35 /* main.cpp in Sources */ = {isa = PBXBuildFile; fileRef = 1C72CFED238D72F800EB7D35 /* main.cpp */; };
		1C72CFFA238D7A9B00EB7D35 /* main.cpp in Sources */ = {isa = PBXBuildFile; fileRef = 1C72CFF9238D7A9B00EB7D35 /* main.cpp */; };
		1C72D007238D7EE900EB7D35 /* main.cpp in Sources */ = {isa = PBXBuildFile; fileRef = 1C72D006238D7EE900EB7D35 /* main.cpp */; };
		1CB3C384238EAF7B004E797F /* main.cpp in Sources */ = {isa = PBXBuildFile; fileRef = 1CB3C383238EAF7B004E797F /* main.cpp */; };
		1CB3C38F238EAF89004E797F /* main.cpp in Sources */ = {isa = PBXBuildFile; fileRef = 1CB3C38E238EAF89004E797F /* main.cpp */; };
		1CB3C39A238EAF9A004E797F /* main.cpp in Sources */ = {isa = PBXBuildFile; fileRef = 1CB3C399238EAF9A004E797F /* main.cpp */; };
		1CB3C41F238FAEB3004E797F /* ECFR77_1260A_Heating.mm in Sources */ = {isa = PBXBuildFile; fileRef = 1CB3C41E238FAEB3004E797F /* ECFR77_1260A_Heating.mm */; };
		1CD627D5238A6EC5003AD2B6 /* main.cpp in Sources */ = {isa = PBXBuildFile; fileRef = 1CD627D4238A6EC5003AD2B6 /* main.cpp */; };
		1CD627E0238A6ED1003AD2B6 /* main.cpp in Sources */ = {isa = PBXBuildFile; fileRef = 1CD627DF238A6ED1003AD2B6 /* main.cpp */; };
		1CD627EB238A6EDD003AD2B6 /* main.cpp in Sources */ = {isa = PBXBuildFile; fileRef = 1CD627EA238A6EDD003AD2B6 /* main.cpp */; };
		1CED5CE32379AE57007E9D8B /* main.cpp in Sources */ = {isa = PBXBuildFile; fileRef = 1CED5CE22379AE57007E9D8B /* main.cpp */; };
		1CEECAF72383DB44004A99DE /* main.cpp in Sources */ = {isa = PBXBuildFile; fileRef = 1CEECAF62383DB44004A99DE /* main.cpp */; };
		1CEECB022383E553004A99DE /* main.cpp in Sources */ = {isa = PBXBuildFile; fileRef = 1CEECB012383E553004A99DE /* main.cpp */; };
		1CEECB0E238433B8004A99DE /* main.cpp in Sources */ = {isa = PBXBuildFile; fileRef = 1CEECB0D238433B8004A99DE /* main.cpp */; };
		1CEECB19238433D4004A99DE /* main.cpp in Sources */ = {isa = PBXBuildFile; fileRef = 1CEECB18238433D4004A99DE /* main.cpp */; };
		1CEECB24238433E2004A99DE /* main.cpp in Sources */ = {isa = PBXBuildFile; fileRef = 1CEECB23238433E2004A99DE /* main.cpp */; };
		1CEECB2F238433F1004A99DE /* main.cpp in Sources */ = {isa = PBXBuildFile; fileRef = 1CEECB2E238433F1004A99DE /* main.cpp */; };
		1CEECB3C238A2A53004A99DE /* main.cpp in Sources */ = {isa = PBXBuildFile; fileRef = 1CEECB3B238A2A53004A99DE /* main.cpp */; };
/* End PBXBuildFile section */

/* Begin PBXCopyFilesBuildPhase section */
		1C0321592379BE9B000D95BA /* CopyFiles */ = {
			isa = PBXCopyFilesBuildPhase;
			buildActionMask = 2147483647;
			dstPath = /usr/share/man/man1/;
			dstSubfolderSpec = 0;
			files = (
			);
			runOnlyForDeploymentPostprocessing = 1;
		};
		1C0321642379C247000D95BA /* CopyFiles */ = {
			isa = PBXCopyFilesBuildPhase;
			buildActionMask = 2147483647;
			dstPath = /usr/share/man/man1/;
			dstSubfolderSpec = 0;
			files = (
			);
			runOnlyForDeploymentPostprocessing = 1;
		};
		1C72CFD1238D6E7800EB7D35 /* CopyFiles */ = {
			isa = PBXCopyFilesBuildPhase;
			buildActionMask = 2147483647;
			dstPath = /usr/share/man/man1/;
			dstSubfolderSpec = 0;
			files = (
			);
			runOnlyForDeploymentPostprocessing = 1;
		};
		1C72CFDD238D704900EB7D35 /* CopyFiles */ = {
			isa = PBXCopyFilesBuildPhase;
			buildActionMask = 2147483647;
			dstPath = /usr/share/man/man1/;
			dstSubfolderSpec = 0;
			files = (
			);
			runOnlyForDeploymentPostprocessing = 1;
		};
		1C72CFE9238D72F800EB7D35 /* CopyFiles */ = {
			isa = PBXCopyFilesBuildPhase;
			buildActionMask = 2147483647;
			dstPath = /usr/share/man/man1/;
			dstSubfolderSpec = 0;
			files = (
			);
			runOnlyForDeploymentPostprocessing = 1;
		};
		1C72CFF5238D7A9B00EB7D35 /* CopyFiles */ = {
			isa = PBXCopyFilesBuildPhase;
			buildActionMask = 2147483647;
			dstPath = /usr/share/man/man1/;
			dstSubfolderSpec = 0;
			files = (
			);
			runOnlyForDeploymentPostprocessing = 1;
		};
		1C72D002238D7EE900EB7D35 /* CopyFiles */ = {
			isa = PBXCopyFilesBuildPhase;
			buildActionMask = 2147483647;
			dstPath = /usr/share/man/man1/;
			dstSubfolderSpec = 0;
			files = (
			);
			runOnlyForDeploymentPostprocessing = 1;
		};
		1CB3C37F238EAF7B004E797F /* CopyFiles */ = {
			isa = PBXCopyFilesBuildPhase;
			buildActionMask = 2147483647;
			dstPath = /usr/share/man/man1/;
			dstSubfolderSpec = 0;
			files = (
			);
			runOnlyForDeploymentPostprocessing = 1;
		};
		1CB3C38A238EAF89004E797F /* CopyFiles */ = {
			isa = PBXCopyFilesBuildPhase;
			buildActionMask = 2147483647;
			dstPath = /usr/share/man/man1/;
			dstSubfolderSpec = 0;
			files = (
			);
			runOnlyForDeploymentPostprocessing = 1;
		};
		1CB3C395238EAF9A004E797F /* CopyFiles */ = {
			isa = PBXCopyFilesBuildPhase;
			buildActionMask = 2147483647;
			dstPath = /usr/share/man/man1/;
			dstSubfolderSpec = 0;
			files = (
			);
			runOnlyForDeploymentPostprocessing = 1;
		};
		1CD627D0238A6EC4003AD2B6 /* CopyFiles */ = {
			isa = PBXCopyFilesBuildPhase;
			buildActionMask = 2147483647;
			dstPath = /usr/share/man/man1/;
			dstSubfolderSpec = 0;
			files = (
			);
			runOnlyForDeploymentPostprocessing = 1;
		};
		1CD627DB238A6ED1003AD2B6 /* CopyFiles */ = {
			isa = PBXCopyFilesBuildPhase;
			buildActionMask = 2147483647;
			dstPath = /usr/share/man/man1/;
			dstSubfolderSpec = 0;
			files = (
			);
			runOnlyForDeploymentPostprocessing = 1;
		};
		1CD627E6238A6EDD003AD2B6 /* CopyFiles */ = {
			isa = PBXCopyFilesBuildPhase;
			buildActionMask = 2147483647;
			dstPath = /usr/share/man/man1/;
			dstSubfolderSpec = 0;
			files = (
			);
			runOnlyForDeploymentPostprocessing = 1;
		};
		1CED5CDE2379AE57007E9D8B /* CopyFiles */ = {
			isa = PBXCopyFilesBuildPhase;
			buildActionMask = 2147483647;
			dstPath = /usr/share/man/man1/;
			dstSubfolderSpec = 0;
			files = (
			);
			runOnlyForDeploymentPostprocessing = 1;
		};
		1CEECAF22383DB44004A99DE /* CopyFiles */ = {
			isa = PBXCopyFilesBuildPhase;
			buildActionMask = 2147483647;
			dstPath = /usr/share/man/man1/;
			dstSubfolderSpec = 0;
			files = (
			);
			runOnlyForDeploymentPostprocessing = 1;
		};
		1CEECAFD2383E552004A99DE /* CopyFiles */ = {
			isa = PBXCopyFilesBuildPhase;
			buildActionMask = 2147483647;
			dstPath = /usr/share/man/man1/;
			dstSubfolderSpec = 0;
			files = (
			);
			runOnlyForDeploymentPostprocessing = 1;
		};
		1CEECB09238433B8004A99DE /* CopyFiles */ = {
			isa = PBXCopyFilesBuildPhase;
			buildActionMask = 2147483647;
			dstPath = /usr/share/man/man1/;
			dstSubfolderSpec = 0;
			files = (
			);
			runOnlyForDeploymentPostprocessing = 1;
		};
		1CEECB14238433D4004A99DE /* CopyFiles */ = {
			isa = PBXCopyFilesBuildPhase;
			buildActionMask = 2147483647;
			dstPath = /usr/share/man/man1/;
			dstSubfolderSpec = 0;
			files = (
			);
			runOnlyForDeploymentPostprocessing = 1;
		};
		1CEECB1F238433E2004A99DE /* CopyFiles */ = {
			isa = PBXCopyFilesBuildPhase;
			buildActionMask = 2147483647;
			dstPath = /usr/share/man/man1/;
			dstSubfolderSpec = 0;
			files = (
			);
			runOnlyForDeploymentPostprocessing = 1;
		};
		1CEECB2A238433F1004A99DE /* CopyFiles */ = {
			isa = PBXCopyFilesBuildPhase;
			buildActionMask = 2147483647;
			dstPath = /usr/share/man/man1/;
			dstSubfolderSpec = 0;
			files = (
			);
			runOnlyForDeploymentPostprocessing = 1;
		};
		1CEECB37238A2A53004A99DE /* CopyFiles */ = {
			isa = PBXCopyFilesBuildPhase;
			buildActionMask = 2147483647;
			dstPath = /usr/share/man/man1/;
			dstSubfolderSpec = 0;
			files = (
			);
			runOnlyForDeploymentPostprocessing = 1;
		};
/* End PBXCopyFilesBuildPhase section */

/* Begin PBXFileReference section */
		1C03215B2379BE9B000D95BA /* LCW162_1253_Reconstruct */ = {isa = PBXFileReference; explicitFileType = "compiled.mach-o.executable"; includeInIndex = 0; path = LCW162_1253_Reconstruct; sourceTree = BUILT_PRODUCTS_DIR; };
		1C03215D2379BE9B000D95BA /* main.cpp */ = {isa = PBXFileReference; lastKnownFileType = sourcecode.cpp.cpp; path = main.cpp; sourceTree = "<group>"; };
		1C0321662379C247000D95BA /* LCW160_1237_Find */ = {isa = PBXFileReference; explicitFileType = "compiled.mach-o.executable"; includeInIndex = 0; path = LCW160_1237_Find; sourceTree = BUILT_PRODUCTS_DIR; };
		1C0321682379C247000D95BA /* main.cpp */ = {isa = PBXFileReference; lastKnownFileType = sourcecode.cpp.cpp; path = main.cpp; sourceTree = "<group>"; };
		1C03216D2379CA13000D95BA /* solution.h */ = {isa = PBXFileReference; lastKnownFileType = sourcecode.c.h; path = solution.h; sourceTree = "<group>"; };
		1C72CFCA238D359B00EB7D35 /* solution.h */ = {isa = PBXFileReference; lastKnownFileType = sourcecode.c.h; path = solution.h; sourceTree = "<group>"; };
		1C72CFCB238D3F9C00EB7D35 /* solution.h */ = {isa = PBXFileReference; lastKnownFileType = sourcecode.c.h; path = solution.h; sourceTree = "<group>"; };
		1C72CFCC238D503F00EB7D35 /* solution.h */ = {isa = PBXFileReference; lastKnownFileType = sourcecode.c.h; path = solution.h; sourceTree = "<group>"; };
		1C72CFCD238D538A00EB7D35 /* solution.h */ = {isa = PBXFileReference; lastKnownFileType = sourcecode.c.h; path = solution.h; sourceTree = "<group>"; };
		1C72CFCE238D550000EB7D35 /* solution.h */ = {isa = PBXFileReference; lastKnownFileType = sourcecode.c.h; path = solution.h; sourceTree = "<group>"; };
		1C72CFD3238D6E7800EB7D35 /* LCW164_1266_Minimum */ = {isa = PBXFileReference; explicitFileType = "compiled.mach-o.executable"; includeInIndex = 0; path = LCW164_1266_Minimum; sourceTree = BUILT_PRODUCTS_DIR; };
		1C72CFD5238D6E7800EB7D35 /* main.cpp */ = {isa = PBXFileReference; lastKnownFileType = sourcecode.cpp.cpp; path = main.cpp; sourceTree = "<group>"; };
		1C72CFDA238D6E8900EB7D35 /* solution.h */ = {isa = PBXFileReference; lastKnownFileType = sourcecode.c.h; path = solution.h; sourceTree = "<group>"; };
		1C72CFDF238D704900EB7D35 /* LCW164_1267_Count */ = {isa = PBXFileReference; explicitFileType = "compiled.mach-o.executable"; includeInIndex = 0; path = LCW164_1267_Count; sourceTree = BUILT_PRODUCTS_DIR; };
		1C72CFE1238D704900EB7D35 /* main.cpp */ = {isa = PBXFileReference; lastKnownFileType = sourcecode.cpp.cpp; path = main.cpp; sourceTree = "<group>"; };
		1C72CFE6238D707200EB7D35 /* solution.h */ = {isa = PBXFileReference; lastKnownFileType = sourcecode.c.h; path = solution.h; sourceTree = "<group>"; };
		1C72CFEB238D72F800EB7D35 /* LCW163_1260_Shift */ = {isa = PBXFileReference; explicitFileType = "compiled.mach-o.executable"; includeInIndex = 0; path = LCW163_1260_Shift; sourceTree = BUILT_PRODUCTS_DIR; };
		1C72CFED238D72F800EB7D35 /* main.cpp */ = {isa = PBXFileReference; lastKnownFileType = sourcecode.cpp.cpp; path = main.cpp; sourceTree = "<group>"; };
		1C72CFF2238D731500EB7D35 /* solution.h */ = {isa = PBXFileReference; lastKnownFileType = sourcecode.c.h; path = solution.h; sourceTree = "<group>"; };
		1C72CFF7238D7A9B00EB7D35 /* LCW163_1261_Find */ = {isa = PBXFileReference; explicitFileType = "compiled.mach-o.executable"; includeInIndex = 0; path = LCW163_1261_Find; sourceTree = BUILT_PRODUCTS_DIR; };
		1C72CFF9238D7A9B00EB7D35 /* main.cpp */ = {isa = PBXFileReference; lastKnownFileType = sourcecode.cpp.cpp; path = main.cpp; sourceTree = "<group>"; };
		1C72CFFE238D7AB400EB7D35 /* solution.h */ = {isa = PBXFileReference; lastKnownFileType = sourcecode.c.h; path = solution.h; sourceTree = "<group>"; };
		1C72CFFF238D7AEA00EB7D35 /* treenode.h */ = {isa = PBXFileReference; lastKnownFileType = sourcecode.c.h; path = treenode.h; sourceTree = "<group>"; };
		1C72D004238D7EE900EB7D35 /* LCW163_1262_Greatest */ = {isa = PBXFileReference; explicitFileType = "compiled.mach-o.executable"; includeInIndex = 0; path = LCW163_1262_Greatest; sourceTree = BUILT_PRODUCTS_DIR; };
		1C72D006238D7EE900EB7D35 /* main.cpp */ = {isa = PBXFileReference; lastKnownFileType = sourcecode.cpp.cpp; path = main.cpp; sourceTree = "<group>"; };
		1C72D00B238D7EF900EB7D35 /* solution.h */ = {isa = PBXFileReference; lastKnownFileType = sourcecode.c.h; path = solution.h; sourceTree = "<group>"; };
		1C72D00C238D84B100EB7D35 /* datautils.h */ = {isa = PBXFileReference; lastKnownFileType = sourcecode.c.h; path = datautils.h; sourceTree = "<group>"; };
		1C72D00D238D8CF700EB7D35 /* solution.h */ = {isa = PBXFileReference; lastKnownFileType = sourcecode.c.h; path = solution.h; sourceTree = "<group>"; };
		1C72D00E238D8E1000EB7D35 /* solution.h */ = {isa = PBXFileReference; lastKnownFileType = sourcecode.c.h; path = solution.h; sourceTree = "<group>"; };
		1C72D00F238D8F0800EB7D35 /* solution.h */ = {isa = PBXFileReference; lastKnownFileType = sourcecode.c.h; path = solution.h; sourceTree = "<group>"; };
		1CA41883238FB05200CA5396 /* solution.h */ = {isa = PBXFileReference; lastKnownFileType = sourcecode.c.h; path = solution.h; sourceTree = "<group>"; };
		1CB3C381238EAF7B004E797F /* ECFR77_1260A_Heating */ = {isa = PBXFileReference; explicitFileType = "compiled.mach-o.executable"; includeInIndex = 0; path = ECFR77_1260A_Heating; sourceTree = BUILT_PRODUCTS_DIR; };
		1CB3C383238EAF7B004E797F /* main.cpp */ = {isa = PBXFileReference; lastKnownFileType = sourcecode.cpp.cpp; path = main.cpp; sourceTree = "<group>"; };
		1CB3C38C238EAF89004E797F /* ECFR77_1260B_Obtain */ = {isa = PBXFileReference; explicitFileType = "compiled.mach-o.executable"; includeInIndex = 0; path = ECFR77_1260B_Obtain; sourceTree = BUILT_PRODUCTS_DIR; };
		1CB3C38E238EAF89004E797F /* main.cpp */ = {isa = PBXFileReference; lastKnownFileType = sourcecode.cpp.cpp; path = main.cpp; sourceTree = "<group>"; };
		1CB3C397238EAF9A004E797F /* ECFR77_1260C_Infinite */ = {isa = PBXFileReference; explicitFileType = "compiled.mach-o.executable"; includeInIndex = 0; path = ECFR77_1260C_Infinite; sourceTree = BUILT_PRODUCTS_DIR; };
		1CB3C399238EAF9A004E797F /* main.cpp */ = {isa = PBXFileReference; lastKnownFileType = sourcecode.cpp.cpp; path = main.cpp; sourceTree = "<group>"; };
		1CB3C41C238FAEB3004E797F /* Tests.xctest */ = {isa = PBXFileReference; explicitFileType = wrapper.cfbundle; includeInIndex = 0; path = Tests.xctest; sourceTree = BUILT_PRODUCTS_DIR; };
		1CB3C41E238FAEB3004E797F /* ECFR77_1260A_Heating.mm */ = {isa = PBXFileReference; lastKnownFileType = sourcecode.cpp.objcpp; path = ECFR77_1260A_Heating.mm; sourceTree = "<group>"; };
		1CB3C420238FAEB3004E797F /* Info.plist */ = {isa = PBXFileReference; lastKnownFileType = text.plist.xml; path = Info.plist; sourceTree = "<group>"; };
		1CD627D2238A6EC4003AD2B6 /* CFR602_1262A_Math */ = {isa = PBXFileReference; explicitFileType = "compiled.mach-o.executable"; includeInIndex = 0; path = CFR602_1262A_Math; sourceTree = BUILT_PRODUCTS_DIR; };
		1CD627D4238A6EC5003AD2B6 /* main.cpp */ = {isa = PBXFileReference; lastKnownFileType = sourcecode.cpp.cpp; path = main.cpp; sourceTree = "<group>"; };
		1CD627DD238A6ED1003AD2B6 /* CFR602_1262B_Box */ = {isa = PBXFileReference; explicitFileType = "compiled.mach-o.executable"; includeInIndex = 0; path = CFR602_1262B_Box; sourceTree = BUILT_PRODUCTS_DIR; };
		1CD627DF238A6ED1003AD2B6 /* main.cpp */ = {isa = PBXFileReference; lastKnownFileType = sourcecode.cpp.cpp; path = main.cpp; sourceTree = "<group>"; };
		1CD627E8238A6EDD003AD2B6 /* CFR602_1262C_Messy */ = {isa = PBXFileReference; explicitFileType = "compiled.mach-o.executable"; includeInIndex = 0; path = CFR602_1262C_Messy; sourceTree = BUILT_PRODUCTS_DIR; };
		1CD627EA238A6EDD003AD2B6 /* main.cpp */ = {isa = PBXFileReference; lastKnownFileType = sourcecode.cpp.cpp; path = main.cpp; sourceTree = "<group>"; };
		1CED5CE02379AE57007E9D8B /* LCW162_1252_Cells */ = {isa = PBXFileReference; explicitFileType = "compiled.mach-o.executable"; includeInIndex = 0; path = LCW162_1252_Cells; sourceTree = BUILT_PRODUCTS_DIR; };
		1CED5CE22379AE57007E9D8B /* main.cpp */ = {isa = PBXFileReference; lastKnownFileType = sourcecode.cpp.cpp; path = main.cpp; sourceTree = "<group>"; };
		1CEECAEF2383D90E004A99DE /* consoleutils.h */ = {isa = PBXFileReference; lastKnownFileType = sourcecode.c.h; path = consoleutils.h; sourceTree = "<group>"; };
		1CEECAF42383DB44004A99DE /* CFR600_1253A_Single */ = {isa = PBXFileReference; explicitFileType = "compiled.mach-o.executable"; includeInIndex = 0; path = CFR600_1253A_Single; sourceTree = BUILT_PRODUCTS_DIR; };
		1CEECAF62383DB44004A99DE /* main.cpp */ = {isa = PBXFileReference; lastKnownFileType = sourcecode.cpp.cpp; path = main.cpp; sourceTree = "<group>"; };
		1CEECAFF2383E552004A99DE /* CFR600_1253B_Silly */ = {isa = PBXFileReference; explicitFileType = "compiled.mach-o.executable"; includeInIndex = 0; path = CFR600_1253B_Silly; sourceTree = BUILT_PRODUCTS_DIR; };
		1CEECB012383E553004A99DE /* main.cpp */ = {isa = PBXFileReference; lastKnownFileType = sourcecode.cpp.cpp; path = main.cpp; sourceTree = "<group>"; };
		1CEECB062383F578004A99DE /* solution.h */ = {isa = PBXFileReference; lastKnownFileType = sourcecode.c.h; path = solution.h; sourceTree = "<group>"; };
		1CEECB0B238433B8004A99DE /* CFR601_1255A_Changing */ = {isa = PBXFileReference; explicitFileType = "compiled.mach-o.executable"; includeInIndex = 0; path = CFR601_1255A_Changing; sourceTree = BUILT_PRODUCTS_DIR; };
		1CEECB0D238433B8004A99DE /* main.cpp */ = {isa = PBXFileReference; lastKnownFileType = sourcecode.cpp.cpp; path = main.cpp; sourceTree = "<group>"; };
		1CEECB16238433D4004A99DE /* CFR601_1255B_Fridge */ = {isa = PBXFileReference; explicitFileType = "compiled.mach-o.executable"; includeInIndex = 0; path = CFR601_1255B_Fridge; sourceTree = BUILT_PRODUCTS_DIR; };
		1CEECB18238433D4004A99DE /* main.cpp */ = {isa = PBXFileReference; lastKnownFileType = sourcecode.cpp.cpp; path = main.cpp; sourceTree = "<group>"; };
		1CEECB21238433E2004A99DE /* CFR601_1255C_League */ = {isa = PBXFileReference; explicitFileType = "compiled.mach-o.executable"; includeInIndex = 0; path = CFR601_1255C_League; sourceTree = BUILT_PRODUCTS_DIR; };
		1CEECB23238433E2004A99DE /* main.cpp */ = {isa = PBXFileReference; lastKnownFileType = sourcecode.cpp.cpp; path = main.cpp; sourceTree = "<group>"; };
		1CEECB2C238433F1004A99DE /* CFR601_1254A_Feeding */ = {isa = PBXFileReference; explicitFileType = "compiled.mach-o.executable"; includeInIndex = 0; path = CFR601_1254A_Feeding; sourceTree = BUILT_PRODUCTS_DIR; };
		1CEECB2E238433F1004A99DE /* main.cpp */ = {isa = PBXFileReference; lastKnownFileType = sourcecode.cpp.cpp; path = main.cpp; sourceTree = "<group>"; };
		1CEECB33238543CC004A99DE /* solution.h */ = {isa = PBXFileReference; lastKnownFileType = sourcecode.c.h; path = solution.h; sourceTree = "<group>"; };
		1CEECB342386C3B2004A99DE /* solution.h */ = {isa = PBXFileReference; lastKnownFileType = sourcecode.c.h; path = solution.h; sourceTree = "<group>"; };
		1CEECB39238A2A53004A99DE /* LCW164_1268_Search */ = {isa = PBXFileReference; explicitFileType = "compiled.mach-o.executable"; includeInIndex = 0; path = LCW164_1268_Search; sourceTree = BUILT_PRODUCTS_DIR; };
		1CEECB3B238A2A53004A99DE /* main.cpp */ = {isa = PBXFileReference; lastKnownFileType = sourcecode.cpp.cpp; path = main.cpp; sourceTree = "<group>"; };
		1CEECB40238A2A6F004A99DE /* Solution.h */ = {isa = PBXFileReference; lastKnownFileType = sourcecode.c.h; path = Solution.h; sourceTree = "<group>"; };
/* End PBXFileReference section */

/* Begin PBXFrameworksBuildPhase section */
		1C0321582379BE9B000D95BA /* Frameworks */ = {
			isa = PBXFrameworksBuildPhase;
			buildActionMask = 2147483647;
			files = (
			);
			runOnlyForDeploymentPostprocessing = 0;
		};
		1C0321632379C247000D95BA /* Frameworks */ = {
			isa = PBXFrameworksBuildPhase;
			buildActionMask = 2147483647;
			files = (
			);
			runOnlyForDeploymentPostprocessing = 0;
		};
		1C72CFD0238D6E7800EB7D35 /* Frameworks */ = {
			isa = PBXFrameworksBuildPhase;
			buildActionMask = 2147483647;
			files = (
			);
			runOnlyForDeploymentPostprocessing = 0;
		};
		1C72CFDC238D704900EB7D35 /* Frameworks */ = {
			isa = PBXFrameworksBuildPhase;
			buildActionMask = 2147483647;
			files = (
			);
			runOnlyForDeploymentPostprocessing = 0;
		};
		1C72CFE8238D72F800EB7D35 /* Frameworks */ = {
			isa = PBXFrameworksBuildPhase;
			buildActionMask = 2147483647;
			files = (
			);
			runOnlyForDeploymentPostprocessing = 0;
		};
		1C72CFF4238D7A9B00EB7D35 /* Frameworks */ = {
			isa = PBXFrameworksBuildPhase;
			buildActionMask = 2147483647;
			files = (
			);
			runOnlyForDeploymentPostprocessing = 0;
		};
		1C72D001238D7EE900EB7D35 /* Frameworks */ = {
			isa = PBXFrameworksBuildPhase;
			buildActionMask = 2147483647;
			files = (
			);
			runOnlyForDeploymentPostprocessing = 0;
		};
		1CB3C37E238EAF7B004E797F /* Frameworks */ = {
			isa = PBXFrameworksBuildPhase;
			buildActionMask = 2147483647;
			files = (
			);
			runOnlyForDeploymentPostprocessing = 0;
		};
		1CB3C389238EAF89004E797F /* Frameworks */ = {
			isa = PBXFrameworksBuildPhase;
			buildActionMask = 2147483647;
			files = (
			);
			runOnlyForDeploymentPostprocessing = 0;
		};
		1CB3C394238EAF9A004E797F /* Frameworks */ = {
			isa = PBXFrameworksBuildPhase;
			buildActionMask = 2147483647;
			files = (
			);
			runOnlyForDeploymentPostprocessing = 0;
		};
		1CB3C419238FAEB3004E797F /* Frameworks */ = {
			isa = PBXFrameworksBuildPhase;
			buildActionMask = 2147483647;
			files = (
			);
			runOnlyForDeploymentPostprocessing = 0;
		};
		1CD627CF238A6EC4003AD2B6 /* Frameworks */ = {
			isa = PBXFrameworksBuildPhase;
			buildActionMask = 2147483647;
			files = (
			);
			runOnlyForDeploymentPostprocessing = 0;
		};
		1CD627DA238A6ED1003AD2B6 /* Frameworks */ = {
			isa = PBXFrameworksBuildPhase;
			buildActionMask = 2147483647;
			files = (
			);
			runOnlyForDeploymentPostprocessing = 0;
		};
		1CD627E5238A6EDD003AD2B6 /* Frameworks */ = {
			isa = PBXFrameworksBuildPhase;
			buildActionMask = 2147483647;
			files = (
			);
			runOnlyForDeploymentPostprocessing = 0;
		};
		1CED5CDD2379AE57007E9D8B /* Frameworks */ = {
			isa = PBXFrameworksBuildPhase;
			buildActionMask = 2147483647;
			files = (
			);
			runOnlyForDeploymentPostprocessing = 0;
		};
		1CEECAF12383DB44004A99DE /* Frameworks */ = {
			isa = PBXFrameworksBuildPhase;
			buildActionMask = 2147483647;
			files = (
			);
			runOnlyForDeploymentPostprocessing = 0;
		};
		1CEECAFC2383E552004A99DE /* Frameworks */ = {
			isa = PBXFrameworksBuildPhase;
			buildActionMask = 2147483647;
			files = (
			);
			runOnlyForDeploymentPostprocessing = 0;
		};
		1CEECB08238433B8004A99DE /* Frameworks */ = {
			isa = PBXFrameworksBuildPhase;
			buildActionMask = 2147483647;
			files = (
			);
			runOnlyForDeploymentPostprocessing = 0;
		};
		1CEECB13238433D4004A99DE /* Frameworks */ = {
			isa = PBXFrameworksBuildPhase;
			buildActionMask = 2147483647;
			files = (
			);
			runOnlyForDeploymentPostprocessing = 0;
		};
		1CEECB1E238433E2004A99DE /* Frameworks */ = {
			isa = PBXFrameworksBuildPhase;
			buildActionMask = 2147483647;
			files = (
			);
			runOnlyForDeploymentPostprocessing = 0;
		};
		1CEECB29238433F1004A99DE /* Frameworks */ = {
			isa = PBXFrameworksBuildPhase;
			buildActionMask = 2147483647;
			files = (
			);
			runOnlyForDeploymentPostprocessing = 0;
		};
		1CEECB36238A2A53004A99DE /* Frameworks */ = {
			isa = PBXFrameworksBuildPhase;
			buildActionMask = 2147483647;
			files = (
			);
			runOnlyForDeploymentPostprocessing = 0;
		};
/* End PBXFrameworksBuildPhase section */

/* Begin PBXGroup section */
		1C03215C2379BE9B000D95BA /* LCW162_1253_Reconstruct */ = {
			isa = PBXGroup;
			children = (
				1C03215D2379BE9B000D95BA /* main.cpp */,
				1C72D00E238D8E1000EB7D35 /* solution.h */,
			);
			path = LCW162_1253_Reconstruct;
			sourceTree = "<group>";
		};
		1C0321672379C247000D95BA /* LCW160_1237_Find */ = {
			isa = PBXGroup;
			children = (
				1C03216D2379CA13000D95BA /* solution.h */,
				1C0321682379C247000D95BA /* main.cpp */,
			);
			path = LCW160_1237_Find;
			sourceTree = "<group>";
		};
		1C72CFD4238D6E7800EB7D35 /* LCW164_1266_Minimum */ = {
			isa = PBXGroup;
			children = (
				1C72CFD5238D6E7800EB7D35 /* main.cpp */,
				1C72CFDA238D6E8900EB7D35 /* solution.h */,
			);
			path = LCW164_1266_Minimum;
			sourceTree = "<group>";
		};
		1C72CFE0238D704900EB7D35 /* LCW164_1267_Count */ = {
			isa = PBXGroup;
			children = (
				1C72CFE1238D704900EB7D35 /* main.cpp */,
				1C72CFE6238D707200EB7D35 /* solution.h */,
			);
			path = LCW164_1267_Count;
			sourceTree = "<group>";
		};
		1C72CFEC238D72F800EB7D35 /* LCW163_1260_Shift */ = {
			isa = PBXGroup;
			children = (
				1C72CFED238D72F800EB7D35 /* main.cpp */,
				1C72CFF2238D731500EB7D35 /* solution.h */,
			);
			path = LCW163_1260_Shift;
			sourceTree = "<group>";
		};
		1C72CFF8238D7A9B00EB7D35 /* LCW163_1261_Find */ = {
			isa = PBXGroup;
			children = (
				1C72CFF9238D7A9B00EB7D35 /* main.cpp */,
				1C72CFFE238D7AB400EB7D35 /* solution.h */,
				1C72CFFF238D7AEA00EB7D35 /* treenode.h */,
			);
			path = LCW163_1261_Find;
			sourceTree = "<group>";
		};
		1C72D005238D7EE900EB7D35 /* LCW163_1262_Greatest */ = {
			isa = PBXGroup;
			children = (
				1C72D006238D7EE900EB7D35 /* main.cpp */,
				1C72D00B238D7EF900EB7D35 /* solution.h */,
			);
			path = LCW163_1262_Greatest;
			sourceTree = "<group>";
		};
		1CB3C382238EAF7B004E797F /* ECFR77_1260A_Heating */ = {
			isa = PBXGroup;
			children = (
				1CB3C383238EAF7B004E797F /* main.cpp */,
				1CA41883238FB05200CA5396 /* solution.h */,
			);
			path = ECFR77_1260A_Heating;
			sourceTree = "<group>";
		};
		1CB3C38D238EAF89004E797F /* ECFR77_1260B_Obtain */ = {
			isa = PBXGroup;
			children = (
				1CB3C38E238EAF89004E797F /* main.cpp */,
			);
			path = ECFR77_1260B_Obtain;
			sourceTree = "<group>";
		};
		1CB3C398238EAF9A004E797F /* ECFR77_1260C_Infinite */ = {
			isa = PBXGroup;
			children = (
				1CB3C399238EAF9A004E797F /* main.cpp */,
			);
			path = ECFR77_1260C_Infinite;
			sourceTree = "<group>";
		};
		1CB3C41D238FAEB3004E797F /* Tests */ = {
			isa = PBXGroup;
			children = (
				1CB3C41E238FAEB3004E797F /* ECFR77_1260A_Heating.mm */,
				1CB3C420238FAEB3004E797F /* Info.plist */,
			);
			path = Tests;
			sourceTree = "<group>";
		};
		1CD627D3238A6EC5003AD2B6 /* CFR602_1262A_Math */ = {
			isa = PBXGroup;
			children = (
				1CD627D4238A6EC5003AD2B6 /* main.cpp */,
				1C72CFCC238D503F00EB7D35 /* solution.h */,
			);
			path = CFR602_1262A_Math;
			sourceTree = "<group>";
		};
		1CD627DE238A6ED1003AD2B6 /* CFR602_1262B_Box */ = {
			isa = PBXGroup;
			children = (
				1CD627DF238A6ED1003AD2B6 /* main.cpp */,
				1C72CFCD238D538A00EB7D35 /* solution.h */,
			);
			path = CFR602_1262B_Box;
			sourceTree = "<group>";
		};
		1CD627E9238A6EDD003AD2B6 /* CFR602_1262C_Messy */ = {
			isa = PBXGroup;
			children = (
				1CD627EA238A6EDD003AD2B6 /* main.cpp */,
				1C72CFCE238D550000EB7D35 /* solution.h */,
			);
			path = CFR602_1262C_Messy;
			sourceTree = "<group>";
		};
		1CED5CC92379ADBE007E9D8B = {
			isa = PBXGroup;
			children = (
				1CEECAF52383DB44004A99DE /* CFR600_1253A_Single */,
				1CEECB002383E553004A99DE /* CFR600_1253B_Silly */,
				1CEECB2D238433F1004A99DE /* CFR601_1254A_Feeding */,
				1CEECB0C238433B8004A99DE /* CFR601_1255A_Changing */,
				1CEECB17238433D4004A99DE /* CFR601_1255B_Fridge */,
				1CEECB22238433E2004A99DE /* CFR601_1255C_League */,
				1CD627D3238A6EC5003AD2B6 /* CFR602_1262A_Math */,
				1CD627DE238A6ED1003AD2B6 /* CFR602_1262B_Box */,
				1CD627E9238A6EDD003AD2B6 /* CFR602_1262C_Messy */,
				1CB3C382238EAF7B004E797F /* ECFR77_1260A_Heating */,
				1CB3C38D238EAF89004E797F /* ECFR77_1260B_Obtain */,
				1CB3C398238EAF9A004E797F /* ECFR77_1260C_Infinite */,
				1C0321672379C247000D95BA /* LCW160_1237_Find */,
				1CED5CE12379AE57007E9D8B /* LCW162_1252_Cells */,
				1C03215C2379BE9B000D95BA /* LCW162_1253_Reconstruct */,
				1C72CFEC238D72F800EB7D35 /* LCW163_1260_Shift */,
				1C72CFF8238D7A9B00EB7D35 /* LCW163_1261_Find */,
				1C72D005238D7EE900EB7D35 /* LCW163_1262_Greatest */,
				1C72CFD4238D6E7800EB7D35 /* LCW164_1266_Minimum */,
				1C72CFE0238D704900EB7D35 /* LCW164_1267_Count */,
				1CEECB3A238A2A53004A99DE /* LCW164_1268_Search */,
				1CEECAEE2383D8E2004A99DE /* Utils */,
				1CB3C41D238FAEB3004E797F /* Tests */,
				1CED5CD32379ADBE007E9D8B /* Products */,
			);
			sourceTree = "<group>";
		};
		1CED5CD32379ADBE007E9D8B /* Products */ = {
			isa = PBXGroup;
			children = (
				1CED5CE02379AE57007E9D8B /* LCW162_1252_Cells */,
				1C03215B2379BE9B000D95BA /* LCW162_1253_Reconstruct */,
				1C0321662379C247000D95BA /* LCW160_1237_Find */,
				1CEECAF42383DB44004A99DE /* CFR600_1253A_Single */,
				1CEECAFF2383E552004A99DE /* CFR600_1253B_Silly */,
				1CEECB0B238433B8004A99DE /* CFR601_1255A_Changing */,
				1CEECB16238433D4004A99DE /* CFR601_1255B_Fridge */,
				1CEECB21238433E2004A99DE /* CFR601_1255C_League */,
				1CEECB2C238433F1004A99DE /* CFR601_1254A_Feeding */,
				1CEECB39238A2A53004A99DE /* LCW164_1268_Search */,
				1CD627D2238A6EC4003AD2B6 /* CFR602_1262A_Math */,
				1CD627DD238A6ED1003AD2B6 /* CFR602_1262B_Box */,
				1CD627E8238A6EDD003AD2B6 /* CFR602_1262C_Messy */,
				1C72CFD3238D6E7800EB7D35 /* LCW164_1266_Minimum */,
				1C72CFDF238D704900EB7D35 /* LCW164_1267_Count */,
				1C72CFEB238D72F800EB7D35 /* LCW163_1260_Shift */,
				1C72CFF7238D7A9B00EB7D35 /* LCW163_1261_Find */,
				1C72D004238D7EE900EB7D35 /* LCW163_1262_Greatest */,
				1CB3C381238EAF7B004E797F /* ECFR77_1260A_Heating */,
				1CB3C38C238EAF89004E797F /* ECFR77_1260B_Obtain */,
				1CB3C397238EAF9A004E797F /* ECFR77_1260C_Infinite */,
				1CB3C41C238FAEB3004E797F /* Tests.xctest */,
			);
			name = Products;
			sourceTree = "<group>";
		};
		1CED5CE12379AE57007E9D8B /* LCW162_1252_Cells */ = {
			isa = PBXGroup;
			children = (
				1CED5CE22379AE57007E9D8B /* main.cpp */,
				1C72D00D238D8CF700EB7D35 /* solution.h */,
			);
			path = LCW162_1252_Cells;
			sourceTree = "<group>";
		};
		1CEECAEE2383D8E2004A99DE /* Utils */ = {
			isa = PBXGroup;
			children = (
				1C72D00C238D84B100EB7D35 /* datautils.h */,
				1CEECAEF2383D90E004A99DE /* consoleutils.h */,
			);
			path = Utils;
			sourceTree = "<group>";
		};
		1CEECAF52383DB44004A99DE /* CFR600_1253A_Single */ = {
			isa = PBXGroup;
			children = (
				1CEECAF62383DB44004A99DE /* main.cpp */,
				1C72D00F238D8F0800EB7D35 /* solution.h */,
			);
			path = CFR600_1253A_Single;
			sourceTree = "<group>";
		};
		1CEECB002383E553004A99DE /* CFR600_1253B_Silly */ = {
			isa = PBXGroup;
			children = (
				1CEECB012383E553004A99DE /* main.cpp */,
				1CEECB062383F578004A99DE /* solution.h */,
			);
			path = CFR600_1253B_Silly;
			sourceTree = "<group>";
		};
		1CEECB0C238433B8004A99DE /* CFR601_1255A_Changing */ = {
			isa = PBXGroup;
			children = (
				1CEECB0D238433B8004A99DE /* main.cpp */,
				1C72CFCA238D359B00EB7D35 /* solution.h */,
			);
			path = CFR601_1255A_Changing;
			sourceTree = "<group>";
		};
		1CEECB17238433D4004A99DE /* CFR601_1255B_Fridge */ = {
			isa = PBXGroup;
			children = (
				1CEECB18238433D4004A99DE /* main.cpp */,
				1C72CFCB238D3F9C00EB7D35 /* solution.h */,
			);
			path = CFR601_1255B_Fridge;
			sourceTree = "<group>";
		};
		1CEECB22238433E2004A99DE /* CFR601_1255C_League */ = {
			isa = PBXGroup;
			children = (
				1CEECB23238433E2004A99DE /* main.cpp */,
				1CEECB33238543CC004A99DE /* solution.h */,
			);
			path = CFR601_1255C_League;
			sourceTree = "<group>";
		};
		1CEECB2D238433F1004A99DE /* CFR601_1254A_Feeding */ = {
			isa = PBXGroup;
			children = (
				1CEECB2E238433F1004A99DE /* main.cpp */,
				1CEECB342386C3B2004A99DE /* solution.h */,
			);
			path = CFR601_1254A_Feeding;
			sourceTree = "<group>";
		};
		1CEECB3A238A2A53004A99DE /* LCW164_1268_Search */ = {
			isa = PBXGroup;
			children = (
				1CEECB3B238A2A53004A99DE /* main.cpp */,
				1CEECB40238A2A6F004A99DE /* Solution.h */,
			);
			path = LCW164_1268_Search;
			sourceTree = "<group>";
		};
/* End PBXGroup section */

/* Begin PBXNativeTarget section */
		1C03215A2379BE9B000D95BA /* LCW162_1253_Reconstruct */ = {
			isa = PBXNativeTarget;
			buildConfigurationList = 1C03215F2379BE9B000D95BA /* Build configuration list for PBXNativeTarget "LCW162_1253_Reconstruct" */;
			buildPhases = (
				1C0321572379BE9B000D95BA /* Sources */,
				1C0321582379BE9B000D95BA /* Frameworks */,
				1C0321592379BE9B000D95BA /* CopyFiles */,
			);
			buildRules = (
			);
			dependencies = (
			);
			name = LCW162_1253_Reconstruct;
			productName = LCW162_1253_Reconstruct;
			productReference = 1C03215B2379BE9B000D95BA /* LCW162_1253_Reconstruct */;
			productType = "com.apple.product-type.tool";
		};
		1C0321652379C247000D95BA /* LCW160_1237_Find */ = {
			isa = PBXNativeTarget;
			buildConfigurationList = 1C03216A2379C247000D95BA /* Build configuration list for PBXNativeTarget "LCW160_1237_Find" */;
			buildPhases = (
				1C0321622379C247000D95BA /* Sources */,
				1C0321632379C247000D95BA /* Frameworks */,
				1C0321642379C247000D95BA /* CopyFiles */,
			);
			buildRules = (
			);
			dependencies = (
			);
			name = LCW160_1237_Find;
			productName = LCW160_1237_Find;
			productReference = 1C0321662379C247000D95BA /* LCW160_1237_Find */;
			productType = "com.apple.product-type.tool";
		};
		1C72CFD2238D6E7800EB7D35 /* LCW164_1266_Minimum */ = {
			isa = PBXNativeTarget;
			buildConfigurationList = 1C72CFD7238D6E7800EB7D35 /* Build configuration list for PBXNativeTarget "LCW164_1266_Minimum" */;
			buildPhases = (
				1C72CFCF238D6E7800EB7D35 /* Sources */,
				1C72CFD0238D6E7800EB7D35 /* Frameworks */,
				1C72CFD1238D6E7800EB7D35 /* CopyFiles */,
			);
			buildRules = (
			);
			dependencies = (
			);
			name = LCW164_1266_Minimum;
			productName = LCW164_1266_Minimum;
			productReference = 1C72CFD3238D6E7800EB7D35 /* LCW164_1266_Minimum */;
			productType = "com.apple.product-type.tool";
		};
		1C72CFDE238D704900EB7D35 /* LCW164_1267_Count */ = {
			isa = PBXNativeTarget;
			buildConfigurationList = 1C72CFE3238D704900EB7D35 /* Build configuration list for PBXNativeTarget "LCW164_1267_Count" */;
			buildPhases = (
				1C72CFDB238D704900EB7D35 /* Sources */,
				1C72CFDC238D704900EB7D35 /* Frameworks */,
				1C72CFDD238D704900EB7D35 /* CopyFiles */,
			);
			buildRules = (
			);
			dependencies = (
			);
			name = LCW164_1267_Count;
			productName = LCW164_1267_Count;
			productReference = 1C72CFDF238D704900EB7D35 /* LCW164_1267_Count */;
			productType = "com.apple.product-type.tool";
		};
		1C72CFEA238D72F800EB7D35 /* LCW163_1260_Shift */ = {
			isa = PBXNativeTarget;
			buildConfigurationList = 1C72CFEF238D72F800EB7D35 /* Build configuration list for PBXNativeTarget "LCW163_1260_Shift" */;
			buildPhases = (
				1C72CFE7238D72F800EB7D35 /* Sources */,
				1C72CFE8238D72F800EB7D35 /* Frameworks */,
				1C72CFE9238D72F800EB7D35 /* CopyFiles */,
			);
			buildRules = (
			);
			dependencies = (
			);
			name = LCW163_1260_Shift;
			productName = LCW163_1260_Shift;
			productReference = 1C72CFEB238D72F800EB7D35 /* LCW163_1260_Shift */;
			productType = "com.apple.product-type.tool";
		};
		1C72CFF6238D7A9B00EB7D35 /* LCW163_1261_Find */ = {
			isa = PBXNativeTarget;
			buildConfigurationList = 1C72CFFB238D7A9B00EB7D35 /* Build configuration list for PBXNativeTarget "LCW163_1261_Find" */;
			buildPhases = (
				1C72CFF3238D7A9B00EB7D35 /* Sources */,
				1C72CFF4238D7A9B00EB7D35 /* Frameworks */,
				1C72CFF5238D7A9B00EB7D35 /* CopyFiles */,
			);
			buildRules = (
			);
			dependencies = (
			);
			name = LCW163_1261_Find;
			productName = LCW163_1261_Find;
			productReference = 1C72CFF7238D7A9B00EB7D35 /* LCW163_1261_Find */;
			productType = "com.apple.product-type.tool";
		};
		1C72D003238D7EE900EB7D35 /* LCW163_1262_Greatest */ = {
			isa = PBXNativeTarget;
			buildConfigurationList = 1C72D008238D7EE900EB7D35 /* Build configuration list for PBXNativeTarget "LCW163_1262_Greatest" */;
			buildPhases = (
				1C72D000238D7EE900EB7D35 /* Sources */,
				1C72D001238D7EE900EB7D35 /* Frameworks */,
				1C72D002238D7EE900EB7D35 /* CopyFiles */,
			);
			buildRules = (
			);
			dependencies = (
			);
			name = LCW163_1262_Greatest;
			productName = LCW163_1262_Greatest;
			productReference = 1C72D004238D7EE900EB7D35 /* LCW163_1262_Greatest */;
			productType = "com.apple.product-type.tool";
		};
		1CB3C380238EAF7B004E797F /* ECFR77_1260A_Heating */ = {
			isa = PBXNativeTarget;
			buildConfigurationList = 1CB3C387238EAF7B004E797F /* Build configuration list for PBXNativeTarget "ECFR77_1260A_Heating" */;
			buildPhases = (
				1CB3C37D238EAF7B004E797F /* Sources */,
				1CB3C37E238EAF7B004E797F /* Frameworks */,
				1CB3C37F238EAF7B004E797F /* CopyFiles */,
			);
			buildRules = (
			);
			dependencies = (
			);
			name = ECFR77_1260A_Heating;
			productName = ECFR77_A;
			productReference = 1CB3C381238EAF7B004E797F /* ECFR77_1260A_Heating */;
			productType = "com.apple.product-type.tool";
		};
		1CB3C38B238EAF89004E797F /* ECFR77_1260B_Obtain */ = {
			isa = PBXNativeTarget;
			buildConfigurationList = 1CB3C390238EAF89004E797F /* Build configuration list for PBXNativeTarget "ECFR77_1260B_Obtain" */;
			buildPhases = (
				1CB3C388238EAF89004E797F /* Sources */,
				1CB3C389238EAF89004E797F /* Frameworks */,
				1CB3C38A238EAF89004E797F /* CopyFiles */,
			);
			buildRules = (
			);
			dependencies = (
			);
			name = ECFR77_1260B_Obtain;
			productName = ECFR77_B;
			productReference = 1CB3C38C238EAF89004E797F /* ECFR77_1260B_Obtain */;
			productType = "com.apple.product-type.tool";
		};
		1CB3C396238EAF9A004E797F /* ECFR77_1260C_Infinite */ = {
			isa = PBXNativeTarget;
			buildConfigurationList = 1CB3C39B238EAF9A004E797F /* Build configuration list for PBXNativeTarget "ECFR77_1260C_Infinite" */;
			buildPhases = (
				1CB3C393238EAF9A004E797F /* Sources */,
				1CB3C394238EAF9A004E797F /* Frameworks */,
				1CB3C395238EAF9A004E797F /* CopyFiles */,
			);
			buildRules = (
			);
			dependencies = (
			);
			name = ECFR77_1260C_Infinite;
			productName = ECFR77_C;
			productReference = 1CB3C397238EAF9A004E797F /* ECFR77_1260C_Infinite */;
			productType = "com.apple.product-type.tool";
		};
		1CB3C41B238FAEB3004E797F /* Tests */ = {
			isa = PBXNativeTarget;
			buildConfigurationList = 1CB3C424238FAEB3004E797F /* Build configuration list for PBXNativeTarget "Tests" */;
			buildPhases = (
				1CB3C418238FAEB3004E797F /* Sources */,
				1CB3C419238FAEB3004E797F /* Frameworks */,
				1CB3C41A238FAEB3004E797F /* Resources */,
			);
			buildRules = (
			);
			dependencies = (
			);
			name = Tests;
			productName = Tests;
			productReference = 1CB3C41C238FAEB3004E797F /* Tests.xctest */;
			productType = "com.apple.product-type.bundle.unit-test";
		};
		1CD627D1238A6EC4003AD2B6 /* CFR602_1262A_Math */ = {
			isa = PBXNativeTarget;
			buildConfigurationList = 1CD627D6238A6EC5003AD2B6 /* Build configuration list for PBXNativeTarget "CFR602_1262A_Math" */;
			buildPhases = (
				1CD627CE238A6EC4003AD2B6 /* Sources */,
				1CD627CF238A6EC4003AD2B6 /* Frameworks */,
				1CD627D0238A6EC4003AD2B6 /* CopyFiles */,
			);
			buildRules = (
			);
			dependencies = (
			);
			name = CFR602_1262A_Math;
			productName = CFR602_1262A;
			productReference = 1CD627D2238A6EC4003AD2B6 /* CFR602_1262A_Math */;
			productType = "com.apple.product-type.tool";
		};
		1CD627DC238A6ED1003AD2B6 /* CFR602_1262B_Box */ = {
			isa = PBXNativeTarget;
			buildConfigurationList = 1CD627E1238A6ED1003AD2B6 /* Build configuration list for PBXNativeTarget "CFR602_1262B_Box" */;
			buildPhases = (
				1CD627D9238A6ED1003AD2B6 /* Sources */,
				1CD627DA238A6ED1003AD2B6 /* Frameworks */,
				1CD627DB238A6ED1003AD2B6 /* CopyFiles */,
			);
			buildRules = (
			);
			dependencies = (
			);
			name = CFR602_1262B_Box;
			productName = CFR602_1262B;
			productReference = 1CD627DD238A6ED1003AD2B6 /* CFR602_1262B_Box */;
			productType = "com.apple.product-type.tool";
		};
		1CD627E7238A6EDD003AD2B6 /* CFR602_1262C_Messy */ = {
			isa = PBXNativeTarget;
			buildConfigurationList = 1CD627EC238A6EDD003AD2B6 /* Build configuration list for PBXNativeTarget "CFR602_1262C_Messy" */;
			buildPhases = (
				1CD627E4238A6EDD003AD2B6 /* Sources */,
				1CD627E5238A6EDD003AD2B6 /* Frameworks */,
				1CD627E6238A6EDD003AD2B6 /* CopyFiles */,
			);
			buildRules = (
			);
			dependencies = (
			);
			name = CFR602_1262C_Messy;
			productName = CFR602_1262C;
			productReference = 1CD627E8238A6EDD003AD2B6 /* CFR602_1262C_Messy */;
			productType = "com.apple.product-type.tool";
		};
		1CED5CDF2379AE57007E9D8B /* LCW162_1252_Cells */ = {
			isa = PBXNativeTarget;
			buildConfigurationList = 1CED5CE42379AE57007E9D8B /* Build configuration list for PBXNativeTarget "LCW162_1252_Cells" */;
			buildPhases = (
				1CED5CDC2379AE57007E9D8B /* Sources */,
				1CED5CDD2379AE57007E9D8B /* Frameworks */,
				1CED5CDE2379AE57007E9D8B /* CopyFiles */,
			);
			buildRules = (
			);
			dependencies = (
			);
			name = LCW162_1252_Cells;
			productName = LCW162_1252_Cells;
			productReference = 1CED5CE02379AE57007E9D8B /* LCW162_1252_Cells */;
			productType = "com.apple.product-type.tool";
		};
		1CEECAF32383DB44004A99DE /* CFR600_1253A_Single */ = {
			isa = PBXNativeTarget;
			buildConfigurationList = 1CEECAF82383DB44004A99DE /* Build configuration list for PBXNativeTarget "CFR600_1253A_Single" */;
			buildPhases = (
				1CEECAF02383DB44004A99DE /* Sources */,
				1CEECAF12383DB44004A99DE /* Frameworks */,
				1CEECAF22383DB44004A99DE /* CopyFiles */,
			);
			buildRules = (
			);
			dependencies = (
			);
			name = CFR600_1253A_Single;
			productName = CFR600_1253A_Single;
			productReference = 1CEECAF42383DB44004A99DE /* CFR600_1253A_Single */;
			productType = "com.apple.product-type.tool";
		};
		1CEECAFE2383E552004A99DE /* CFR600_1253B_Silly */ = {
			isa = PBXNativeTarget;
			buildConfigurationList = 1CEECB032383E553004A99DE /* Build configuration list for PBXNativeTarget "CFR600_1253B_Silly" */;
			buildPhases = (
				1CEECAFB2383E552004A99DE /* Sources */,
				1CEECAFC2383E552004A99DE /* Frameworks */,
				1CEECAFD2383E552004A99DE /* CopyFiles */,
			);
			buildRules = (
			);
			dependencies = (
			);
			name = CFR600_1253B_Silly;
			productName = CFR600_1253B_Silly;
			productReference = 1CEECAFF2383E552004A99DE /* CFR600_1253B_Silly */;
			productType = "com.apple.product-type.tool";
		};
		1CEECB0A238433B8004A99DE /* CFR601_1255A_Changing */ = {
			isa = PBXNativeTarget;
			buildConfigurationList = 1CEECB0F238433B8004A99DE /* Build configuration list for PBXNativeTarget "CFR601_1255A_Changing" */;
			buildPhases = (
				1CEECB07238433B8004A99DE /* Sources */,
				1CEECB08238433B8004A99DE /* Frameworks */,
				1CEECB09238433B8004A99DE /* CopyFiles */,
			);
			buildRules = (
			);
			dependencies = (
			);
			name = CFR601_1255A_Changing;
			productName = CFR601_1255A;
			productReference = 1CEECB0B238433B8004A99DE /* CFR601_1255A_Changing */;
			productType = "com.apple.product-type.tool";
		};
		1CEECB15238433D4004A99DE /* CFR601_1255B_Fridge */ = {
			isa = PBXNativeTarget;
			buildConfigurationList = 1CEECB1A238433D4004A99DE /* Build configuration list for PBXNativeTarget "CFR601_1255B_Fridge" */;
			buildPhases = (
				1CEECB12238433D4004A99DE /* Sources */,
				1CEECB13238433D4004A99DE /* Frameworks */,
				1CEECB14238433D4004A99DE /* CopyFiles */,
			);
			buildRules = (
			);
			dependencies = (
			);
			name = CFR601_1255B_Fridge;
			productName = CFR601_1255B;
			productReference = 1CEECB16238433D4004A99DE /* CFR601_1255B_Fridge */;
			productType = "com.apple.product-type.tool";
		};
		1CEECB20238433E2004A99DE /* CFR601_1255C_League */ = {
			isa = PBXNativeTarget;
			buildConfigurationList = 1CEECB25238433E2004A99DE /* Build configuration list for PBXNativeTarget "CFR601_1255C_League" */;
			buildPhases = (
				1CEECB1D238433E2004A99DE /* Sources */,
				1CEECB1E238433E2004A99DE /* Frameworks */,
				1CEECB1F238433E2004A99DE /* CopyFiles */,
			);
			buildRules = (
			);
			dependencies = (
			);
			name = CFR601_1255C_League;
			productName = CFR601_1255C;
			productReference = 1CEECB21238433E2004A99DE /* CFR601_1255C_League */;
			productType = "com.apple.product-type.tool";
		};
		1CEECB2B238433F1004A99DE /* CFR601_1254A_Feeding */ = {
			isa = PBXNativeTarget;
			buildConfigurationList = 1CEECB30238433F1004A99DE /* Build configuration list for PBXNativeTarget "CFR601_1254A_Feeding" */;
			buildPhases = (
				1CEECB28238433F1004A99DE /* Sources */,
				1CEECB29238433F1004A99DE /* Frameworks */,
				1CEECB2A238433F1004A99DE /* CopyFiles */,
			);
			buildRules = (
			);
			dependencies = (
			);
			name = CFR601_1254A_Feeding;
			productName = CFR601_1255D;
			productReference = 1CEECB2C238433F1004A99DE /* CFR601_1254A_Feeding */;
			productType = "com.apple.product-type.tool";
		};
		1CEECB38238A2A53004A99DE /* LCW164_1268_Search */ = {
			isa = PBXNativeTarget;
			buildConfigurationList = 1CEECB3D238A2A53004A99DE /* Build configuration list for PBXNativeTarget "LCW164_1268_Search" */;
			buildPhases = (
				1CEECB35238A2A53004A99DE /* Sources */,
				1CEECB36238A2A53004A99DE /* Frameworks */,
				1CEECB37238A2A53004A99DE /* CopyFiles */,
			);
			buildRules = (
			);
			dependencies = (
			);
			name = LCW164_1268_Search;
			productName = LCW164_Search;
			productReference = 1CEECB39238A2A53004A99DE /* LCW164_1268_Search */;
			productType = "com.apple.product-type.tool";
		};
/* End PBXNativeTarget section */

/* Begin PBXProject section */
		1CED5CCA2379ADBE007E9D8B /* Project object */ = {
			isa = PBXProject;
			attributes = {
				LastUpgradeCheck = 1120;
				ORGANIZATIONNAME = "Oliviu-Bogdan Boțocan";
				TargetAttributes = {
					1C03215A2379BE9B000D95BA = {
						CreatedOnToolsVersion = 11.2;
					};
					1C0321652379C247000D95BA = {
						CreatedOnToolsVersion = 11.2;
					};
					1C72CFD2238D6E7800EB7D35 = {
						CreatedOnToolsVersion = 11.2.1;
					};
					1C72CFDE238D704900EB7D35 = {
						CreatedOnToolsVersion = 11.2.1;
					};
					1C72CFEA238D72F800EB7D35 = {
						CreatedOnToolsVersion = 11.2.1;
					};
					1C72CFF6238D7A9B00EB7D35 = {
						CreatedOnToolsVersion = 11.2.1;
					};
					1C72D003238D7EE900EB7D35 = {
						CreatedOnToolsVersion = 11.2.1;
					};
					1CB3C380238EAF7B004E797F = {
						CreatedOnToolsVersion = 11.2.1;
					};
					1CB3C38B238EAF89004E797F = {
						CreatedOnToolsVersion = 11.2.1;
					};
					1CB3C396238EAF9A004E797F = {
						CreatedOnToolsVersion = 11.2.1;
					};
					1CB3C41B238FAEB3004E797F = {
						CreatedOnToolsVersion = 11.2.1;
					};
					1CD627D1238A6EC4003AD2B6 = {
						CreatedOnToolsVersion = 11.2.1;
					};
					1CD627DC238A6ED1003AD2B6 = {
						CreatedOnToolsVersion = 11.2.1;
					};
					1CD627E7238A6EDD003AD2B6 = {
						CreatedOnToolsVersion = 11.2.1;
					};
					1CED5CDF2379AE57007E9D8B = {
						CreatedOnToolsVersion = 11.2;
					};
					1CEECAF32383DB44004A99DE = {
						CreatedOnToolsVersion = 11.2.1;
					};
					1CEECAFE2383E552004A99DE = {
						CreatedOnToolsVersion = 11.2.1;
					};
					1CEECB0A238433B8004A99DE = {
						CreatedOnToolsVersion = 11.2.1;
					};
					1CEECB15238433D4004A99DE = {
						CreatedOnToolsVersion = 11.2.1;
					};
					1CEECB20238433E2004A99DE = {
						CreatedOnToolsVersion = 11.2.1;
					};
					1CEECB2B238433F1004A99DE = {
						CreatedOnToolsVersion = 11.2.1;
					};
					1CEECB38238A2A53004A99DE = {
						CreatedOnToolsVersion = 11.2.1;
					};
				};
			};
			buildConfigurationList = 1CED5CCD2379ADBE007E9D8B /* Build configuration list for PBXProject "codingcontests" */;
			compatibilityVersion = "Xcode 9.3";
			developmentRegion = en;
			hasScannedForEncodings = 0;
			knownRegions = (
				en,
				Base,
			);
			mainGroup = 1CED5CC92379ADBE007E9D8B;
			productRefGroup = 1CED5CD32379ADBE007E9D8B /* Products */;
			projectDirPath = "";
			projectRoot = "";
			targets = (
				1CEECAF32383DB44004A99DE /* CFR600_1253A_Single */,
				1CEECAFE2383E552004A99DE /* CFR600_1253B_Silly */,
				1CEECB2B238433F1004A99DE /* CFR601_1254A_Feeding */,
				1CEECB0A238433B8004A99DE /* CFR601_1255A_Changing */,
				1CEECB15238433D4004A99DE /* CFR601_1255B_Fridge */,
				1CEECB20238433E2004A99DE /* CFR601_1255C_League */,
				1CD627D1238A6EC4003AD2B6 /* CFR602_1262A_Math */,
				1CD627DC238A6ED1003AD2B6 /* CFR602_1262B_Box */,
				1CD627E7238A6EDD003AD2B6 /* CFR602_1262C_Messy */,
				1CB3C380238EAF7B004E797F /* ECFR77_1260A_Heating */,
				1CB3C38B238EAF89004E797F /* ECFR77_1260B_Obtain */,
				1CB3C396238EAF9A004E797F /* ECFR77_1260C_Infinite */,
				1C0321652379C247000D95BA /* LCW160_1237_Find */,
				1CED5CDF2379AE57007E9D8B /* LCW162_1252_Cells */,
				1C03215A2379BE9B000D95BA /* LCW162_1253_Reconstruct */,
				1C72CFEA238D72F800EB7D35 /* LCW163_1260_Shift */,
				1C72CFF6238D7A9B00EB7D35 /* LCW163_1261_Find */,
				1C72D003238D7EE900EB7D35 /* LCW163_1262_Greatest */,
				1C72CFD2238D6E7800EB7D35 /* LCW164_1266_Minimum */,
				1C72CFDE238D704900EB7D35 /* LCW164_1267_Count */,
				1CEECB38238A2A53004A99DE /* LCW164_1268_Search */,
				1CB3C41B238FAEB3004E797F /* Tests */,
			);
		};
/* End PBXProject section */

/* Begin PBXResourcesBuildPhase section */
		1CB3C41A238FAEB3004E797F /* Resources */ = {
			isa = PBXResourcesBuildPhase;
			buildActionMask = 2147483647;
			files = (
			);
			runOnlyForDeploymentPostprocessing = 0;
		};
/* End PBXResourcesBuildPhase section */

/* Begin PBXSourcesBuildPhase section */
		1C0321572379BE9B000D95BA /* Sources */ = {
			isa = PBXSourcesBuildPhase;
			buildActionMask = 2147483647;
			files = (
				1C03215E2379BE9B000D95BA /* main.cpp in Sources */,
			);
			runOnlyForDeploymentPostprocessing = 0;
		};
		1C0321622379C247000D95BA /* Sources */ = {
			isa = PBXSourcesBuildPhase;
			buildActionMask = 2147483647;
			files = (
				1C0321692379C247000D95BA /* main.cpp in Sources */,
			);
			runOnlyForDeploymentPostprocessing = 0;
		};
		1C72CFCF238D6E7800EB7D35 /* Sources */ = {
			isa = PBXSourcesBuildPhase;
			buildActionMask = 2147483647;
			files = (
				1C72CFD6238D6E7800EB7D35 /* main.cpp in Sources */,
			);
			runOnlyForDeploymentPostprocessing = 0;
		};
		1C72CFDB238D704900EB7D35 /* Sources */ = {
			isa = PBXSourcesBuildPhase;
			buildActionMask = 2147483647;
			files = (
				1C72CFE2238D704900EB7D35 /* main.cpp in Sources */,
			);
			runOnlyForDeploymentPostprocessing = 0;
		};
		1C72CFE7238D72F800EB7D35 /* Sources */ = {
			isa = PBXSourcesBuildPhase;
			buildActionMask = 2147483647;
			files = (
				1C72CFEE238D72F800EB7D35 /* main.cpp in Sources */,
			);
			runOnlyForDeploymentPostprocessing = 0;
		};
		1C72CFF3238D7A9B00EB7D35 /* Sources */ = {
			isa = PBXSourcesBuildPhase;
			buildActionMask = 2147483647;
			files = (
				1C72CFFA238D7A9B00EB7D35 /* main.cpp in Sources */,
			);
			runOnlyForDeploymentPostprocessing = 0;
		};
		1C72D000238D7EE900EB7D35 /* Sources */ = {
			isa = PBXSourcesBuildPhase;
			buildActionMask = 2147483647;
			files = (
				1C72D007238D7EE900EB7D35 /* main.cpp in Sources */,
			);
			runOnlyForDeploymentPostprocessing = 0;
		};
		1CB3C37D238EAF7B004E797F /* Sources */ = {
			isa = PBXSourcesBuildPhase;
			buildActionMask = 2147483647;
			files = (
				1CB3C384238EAF7B004E797F /* main.cpp in Sources */,
			);
			runOnlyForDeploymentPostprocessing = 0;
		};
		1CB3C388238EAF89004E797F /* Sources */ = {
			isa = PBXSourcesBuildPhase;
			buildActionMask = 2147483647;
			files = (
				1CB3C38F238EAF89004E797F /* main.cpp in Sources */,
			);
			runOnlyForDeploymentPostprocessing = 0;
		};
		1CB3C393238EAF9A004E797F /* Sources */ = {
			isa = PBXSourcesBuildPhase;
			buildActionMask = 2147483647;
			files = (
				1CB3C39A238EAF9A004E797F /* main.cpp in Sources */,
			);
			runOnlyForDeploymentPostprocessing = 0;
		};
		1CB3C418238FAEB3004E797F /* Sources */ = {
			isa = PBXSourcesBuildPhase;
			buildActionMask = 2147483647;
			files = (
				1CB3C41F238FAEB3004E797F /* ECFR77_1260A_Heating.mm in Sources */,
			);
			runOnlyForDeploymentPostprocessing = 0;
		};
		1CD627CE238A6EC4003AD2B6 /* Sources */ = {
			isa = PBXSourcesBuildPhase;
			buildActionMask = 2147483647;
			files = (
				1CD627D5238A6EC5003AD2B6 /* main.cpp in Sources */,
			);
			runOnlyForDeploymentPostprocessing = 0;
		};
		1CD627D9238A6ED1003AD2B6 /* Sources */ = {
			isa = PBXSourcesBuildPhase;
			buildActionMask = 2147483647;
			files = (
				1CD627E0238A6ED1003AD2B6 /* main.cpp in Sources */,
			);
			runOnlyForDeploymentPostprocessing = 0;
		};
		1CD627E4238A6EDD003AD2B6 /* Sources */ = {
			isa = PBXSourcesBuildPhase;
			buildActionMask = 2147483647;
			files = (
				1CD627EB238A6EDD003AD2B6 /* main.cpp in Sources */,
			);
			runOnlyForDeploymentPostprocessing = 0;
		};
		1CED5CDC2379AE57007E9D8B /* Sources */ = {
			isa = PBXSourcesBuildPhase;
			buildActionMask = 2147483647;
			files = (
				1CED5CE32379AE57007E9D8B /* main.cpp in Sources */,
			);
			runOnlyForDeploymentPostprocessing = 0;
		};
		1CEECAF02383DB44004A99DE /* Sources */ = {
			isa = PBXSourcesBuildPhase;
			buildActionMask = 2147483647;
			files = (
				1CEECAF72383DB44004A99DE /* main.cpp in Sources */,
			);
			runOnlyForDeploymentPostprocessing = 0;
		};
		1CEECAFB2383E552004A99DE /* Sources */ = {
			isa = PBXSourcesBuildPhase;
			buildActionMask = 2147483647;
			files = (
				1CEECB022383E553004A99DE /* main.cpp in Sources */,
			);
			runOnlyForDeploymentPostprocessing = 0;
		};
		1CEECB07238433B8004A99DE /* Sources */ = {
			isa = PBXSourcesBuildPhase;
			buildActionMask = 2147483647;
			files = (
				1CEECB0E238433B8004A99DE /* main.cpp in Sources */,
			);
			runOnlyForDeploymentPostprocessing = 0;
		};
		1CEECB12238433D4004A99DE /* Sources */ = {
			isa = PBXSourcesBuildPhase;
			buildActionMask = 2147483647;
			files = (
				1CEECB19238433D4004A99DE /* main.cpp in Sources */,
			);
			runOnlyForDeploymentPostprocessing = 0;
		};
		1CEECB1D238433E2004A99DE /* Sources */ = {
			isa = PBXSourcesBuildPhase;
			buildActionMask = 2147483647;
			files = (
				1CEECB24238433E2004A99DE /* main.cpp in Sources */,
			);
			runOnlyForDeploymentPostprocessing = 0;
		};
		1CEECB28238433F1004A99DE /* Sources */ = {
			isa = PBXSourcesBuildPhase;
			buildActionMask = 2147483647;
			files = (
				1CEECB2F238433F1004A99DE /* main.cpp in Sources */,
			);
			runOnlyForDeploymentPostprocessing = 0;
		};
		1CEECB35238A2A53004A99DE /* Sources */ = {
			isa = PBXSourcesBuildPhase;
			buildActionMask = 2147483647;
			files = (
				1CEECB3C238A2A53004A99DE /* main.cpp in Sources */,
			);
			runOnlyForDeploymentPostprocessing = 0;
		};
/* End PBXSourcesBuildPhase section */

/* Begin XCBuildConfiguration section */
		1C0321602379BE9B000D95BA /* Debug */ = {
			isa = XCBuildConfiguration;
			buildSettings = {
				CODE_SIGN_STYLE = Automatic;
				DEVELOPMENT_TEAM = 5968Q4J34P;
				ENABLE_HARDENED_RUNTIME = YES;
				PRODUCT_NAME = "$(TARGET_NAME)";
			};
			name = Debug;
		};
		1C0321612379BE9B000D95BA /* Release */ = {
			isa = XCBuildConfiguration;
			buildSettings = {
				CODE_SIGN_STYLE = Automatic;
				DEVELOPMENT_TEAM = 5968Q4J34P;
				ENABLE_HARDENED_RUNTIME = YES;
				PRODUCT_NAME = "$(TARGET_NAME)";
			};
			name = Release;
		};
		1C03216B2379C247000D95BA /* Debug */ = {
			isa = XCBuildConfiguration;
			buildSettings = {
				CODE_SIGN_STYLE = Automatic;
				DEVELOPMENT_TEAM = 5968Q4J34P;
				ENABLE_HARDENED_RUNTIME = YES;
				PRODUCT_NAME = "$(TARGET_NAME)";
			};
			name = Debug;
		};
		1C03216C2379C247000D95BA /* Release */ = {
			isa = XCBuildConfiguration;
			buildSettings = {
				CODE_SIGN_STYLE = Automatic;
				DEVELOPMENT_TEAM = 5968Q4J34P;
				ENABLE_HARDENED_RUNTIME = YES;
				PRODUCT_NAME = "$(TARGET_NAME)";
			};
			name = Release;
		};
		1C72CFD8238D6E7800EB7D35 /* Debug */ = {
			isa = XCBuildConfiguration;
			buildSettings = {
				CODE_SIGN_STYLE = Automatic;
				DEVELOPMENT_TEAM = 5968Q4J34P;
				ENABLE_HARDENED_RUNTIME = YES;
				PRODUCT_NAME = "$(TARGET_NAME)";
			};
			name = Debug;
		};
		1C72CFD9238D6E7800EB7D35 /* Release */ = {
			isa = XCBuildConfiguration;
			buildSettings = {
				CODE_SIGN_STYLE = Automatic;
				DEVELOPMENT_TEAM = 5968Q4J34P;
				ENABLE_HARDENED_RUNTIME = YES;
				PRODUCT_NAME = "$(TARGET_NAME)";
			};
			name = Release;
		};
		1C72CFE4238D704900EB7D35 /* Debug */ = {
			isa = XCBuildConfiguration;
			buildSettings = {
				CODE_SIGN_STYLE = Automatic;
				DEVELOPMENT_TEAM = 5968Q4J34P;
				ENABLE_HARDENED_RUNTIME = YES;
				PRODUCT_NAME = "$(TARGET_NAME)";
			};
			name = Debug;
		};
		1C72CFE5238D704900EB7D35 /* Release */ = {
			isa = XCBuildConfiguration;
			buildSettings = {
				CODE_SIGN_STYLE = Automatic;
				DEVELOPMENT_TEAM = 5968Q4J34P;
				ENABLE_HARDENED_RUNTIME = YES;
				PRODUCT_NAME = "$(TARGET_NAME)";
			};
			name = Release;
		};
		1C72CFF0238D72F800EB7D35 /* Debug */ = {
			isa = XCBuildConfiguration;
			buildSettings = {
				CODE_SIGN_STYLE = Automatic;
				DEVELOPMENT_TEAM = 5968Q4J34P;
				ENABLE_HARDENED_RUNTIME = YES;
				PRODUCT_NAME = "$(TARGET_NAME)";
			};
			name = Debug;
		};
		1C72CFF1238D72F800EB7D35 /* Release */ = {
			isa = XCBuildConfiguration;
			buildSettings = {
				CODE_SIGN_STYLE = Automatic;
				DEVELOPMENT_TEAM = 5968Q4J34P;
				ENABLE_HARDENED_RUNTIME = YES;
				PRODUCT_NAME = "$(TARGET_NAME)";
			};
			name = Release;
		};
		1C72CFFC238D7A9B00EB7D35 /* Debug */ = {
			isa = XCBuildConfiguration;
			buildSettings = {
				CLANG_CXX_LANGUAGE_STANDARD = "gnu++14";
				CODE_SIGN_STYLE = Automatic;
				DEVELOPMENT_TEAM = 5968Q4J34P;
				ENABLE_HARDENED_RUNTIME = YES;
				PRODUCT_NAME = "$(TARGET_NAME)";
			};
			name = Debug;
		};
		1C72CFFD238D7A9B00EB7D35 /* Release */ = {
			isa = XCBuildConfiguration;
			buildSettings = {
				CLANG_CXX_LANGUAGE_STANDARD = "gnu++14";
				CODE_SIGN_STYLE = Automatic;
				DEVELOPMENT_TEAM = 5968Q4J34P;
				ENABLE_HARDENED_RUNTIME = YES;
				PRODUCT_NAME = "$(TARGET_NAME)";
			};
			name = Release;
		};
		1C72D009238D7EE900EB7D35 /* Debug */ = {
			isa = XCBuildConfiguration;
			buildSettings = {
				CLANG_CXX_LANGUAGE_STANDARD = "gnu++14";
				CODE_SIGN_STYLE = Automatic;
				DEVELOPMENT_TEAM = 5968Q4J34P;
				ENABLE_HARDENED_RUNTIME = YES;
				PRODUCT_NAME = "$(TARGET_NAME)";
			};
			name = Debug;
		};
		1C72D00A238D7EE900EB7D35 /* Release */ = {
			isa = XCBuildConfiguration;
			buildSettings = {
				CLANG_CXX_LANGUAGE_STANDARD = "gnu++14";
				CODE_SIGN_STYLE = Automatic;
				DEVELOPMENT_TEAM = 5968Q4J34P;
				ENABLE_HARDENED_RUNTIME = YES;
				PRODUCT_NAME = "$(TARGET_NAME)";
			};
			name = Release;
		};
		1CB3C385238EAF7B004E797F /* Debug */ = {
			isa = XCBuildConfiguration;
			buildSettings = {
				CLANG_CXX_LANGUAGE_STANDARD = "gnu++14";
				CODE_SIGN_STYLE = Automatic;
				DEVELOPMENT_TEAM = 5968Q4J34P;
				ENABLE_HARDENED_RUNTIME = YES;
				PRODUCT_NAME = "$(TARGET_NAME)";
			};
			name = Debug;
		};
		1CB3C386238EAF7B004E797F /* Release */ = {
			isa = XCBuildConfiguration;
			buildSettings = {
				CLANG_CXX_LANGUAGE_STANDARD = "gnu++14";
				CODE_SIGN_STYLE = Automatic;
				DEVELOPMENT_TEAM = 5968Q4J34P;
				ENABLE_HARDENED_RUNTIME = YES;
				PRODUCT_NAME = "$(TARGET_NAME)";
			};
			name = Release;
		};
		1CB3C391238EAF89004E797F /* Debug */ = {
			isa = XCBuildConfiguration;
			buildSettings = {
				CLANG_CXX_LANGUAGE_STANDARD = "gnu++14";
				CODE_SIGN_STYLE = Automatic;
				DEVELOPMENT_TEAM = 5968Q4J34P;
				ENABLE_HARDENED_RUNTIME = YES;
				PRODUCT_NAME = "$(TARGET_NAME)";
			};
			name = Debug;
		};
		1CB3C392238EAF89004E797F /* Release */ = {
			isa = XCBuildConfiguration;
			buildSettings = {
				CLANG_CXX_LANGUAGE_STANDARD = "gnu++14";
				CODE_SIGN_STYLE = Automatic;
				DEVELOPMENT_TEAM = 5968Q4J34P;
				ENABLE_HARDENED_RUNTIME = YES;
				PRODUCT_NAME = "$(TARGET_NAME)";
			};
			name = Release;
		};
		1CB3C39C238EAF9A004E797F /* Debug */ = {
			isa = XCBuildConfiguration;
			buildSettings = {
				CLANG_CXX_LANGUAGE_STANDARD = "gnu++14";
				CODE_SIGN_STYLE = Automatic;
				DEVELOPMENT_TEAM = 5968Q4J34P;
				ENABLE_HARDENED_RUNTIME = YES;
				PRODUCT_NAME = "$(TARGET_NAME)";
			};
			name = Debug;
		};
		1CB3C39D238EAF9A004E797F /* Release */ = {
			isa = XCBuildConfiguration;
			buildSettings = {
				CLANG_CXX_LANGUAGE_STANDARD = "gnu++14";
				CODE_SIGN_STYLE = Automatic;
				DEVELOPMENT_TEAM = 5968Q4J34P;
				ENABLE_HARDENED_RUNTIME = YES;
				PRODUCT_NAME = "$(TARGET_NAME)";
			};
			name = Release;
		};
		1CB3C425238FAEB3004E797F /* Debug */ = {
			isa = XCBuildConfiguration;
			buildSettings = {
				CLANG_CXX_LANGUAGE_STANDARD = "gnu++14";
				CODE_SIGN_STYLE = Automatic;
				COMBINE_HIDPI_IMAGES = YES;
				DEVELOPMENT_TEAM = 5968Q4J34P;
				INFOPLIST_FILE = Tests/Info.plist;
				LD_RUNPATH_SEARCH_PATHS = (
					"$(inherited)",
					"@executable_path/../Frameworks",
					"@loader_path/../Frameworks",
				);
				PRODUCT_BUNDLE_IDENTIFIER = com.bbotocan.Tests;
				PRODUCT_NAME = "$(TARGET_NAME)";
			};
			name = Debug;
		};
		1CB3C426238FAEB3004E797F /* Release */ = {
			isa = XCBuildConfiguration;
			buildSettings = {
				CLANG_CXX_LANGUAGE_STANDARD = "gnu++14";
				CODE_SIGN_STYLE = Automatic;
				COMBINE_HIDPI_IMAGES = YES;
				DEVELOPMENT_TEAM = 5968Q4J34P;
				INFOPLIST_FILE = Tests/Info.plist;
				LD_RUNPATH_SEARCH_PATHS = (
					"$(inherited)",
					"@executable_path/../Frameworks",
					"@loader_path/../Frameworks",
				);
				PRODUCT_BUNDLE_IDENTIFIER = com.bbotocan.Tests;
				PRODUCT_NAME = "$(TARGET_NAME)";
			};
			name = Release;
		};
		1CD627D7238A6EC5003AD2B6 /* Debug */ = {
			isa = XCBuildConfiguration;
			buildSettings = {
				CODE_SIGN_STYLE = Manual;
				DEVELOPMENT_TEAM = "";
				ENABLE_HARDENED_RUNTIME = YES;
				PRODUCT_NAME = "$(TARGET_NAME)";
				PROVISIONING_PROFILE_SPECIFIER = "";
			};
			name = Debug;
		};
		1CD627D8238A6EC5003AD2B6 /* Release */ = {
			isa = XCBuildConfiguration;
			buildSettings = {
				CODE_SIGN_STYLE = Manual;
				DEVELOPMENT_TEAM = "";
				ENABLE_HARDENED_RUNTIME = YES;
				PRODUCT_NAME = "$(TARGET_NAME)";
				PROVISIONING_PROFILE_SPECIFIER = "";
			};
			name = Release;
		};
		1CD627E2238A6ED1003AD2B6 /* Debug */ = {
			isa = XCBuildConfiguration;
			buildSettings = {
				CODE_SIGN_STYLE = Manual;
				DEVELOPMENT_TEAM = "";
				ENABLE_HARDENED_RUNTIME = YES;
				PRODUCT_NAME = "$(TARGET_NAME)";
				PROVISIONING_PROFILE_SPECIFIER = "";
			};
			name = Debug;
		};
		1CD627E3238A6ED1003AD2B6 /* Release */ = {
			isa = XCBuildConfiguration;
			buildSettings = {
				CODE_SIGN_STYLE = Manual;
				DEVELOPMENT_TEAM = "";
				ENABLE_HARDENED_RUNTIME = YES;
				PRODUCT_NAME = "$(TARGET_NAME)";
				PROVISIONING_PROFILE_SPECIFIER = "";
			};
			name = Release;
		};
		1CD627ED238A6EDD003AD2B6 /* Debug */ = {
			isa = XCBuildConfiguration;
			buildSettings = {
				CODE_SIGN_STYLE = Manual;
				DEVELOPMENT_TEAM = "";
				ENABLE_HARDENED_RUNTIME = YES;
				PRODUCT_NAME = "$(TARGET_NAME)";
				PROVISIONING_PROFILE_SPECIFIER = "";
			};
			name = Debug;
		};
		1CD627EE238A6EDD003AD2B6 /* Release */ = {
			isa = XCBuildConfiguration;
			buildSettings = {
				CODE_SIGN_STYLE = Manual;
				DEVELOPMENT_TEAM = "";
				ENABLE_HARDENED_RUNTIME = YES;
				PRODUCT_NAME = "$(TARGET_NAME)";
				PROVISIONING_PROFILE_SPECIFIER = "";
			};
			name = Release;
		};
		1CED5CD72379ADBE007E9D8B /* Debug */ = {
			isa = XCBuildConfiguration;
			buildSettings = {
				ALWAYS_SEARCH_USER_PATHS = NO;
				CLANG_ANALYZER_NONNULL = YES;
				CLANG_ANALYZER_NUMBER_OBJECT_CONVERSION = YES_AGGRESSIVE;
				CLANG_CXX_LANGUAGE_STANDARD = "gnu++17";
				CLANG_CXX_LIBRARY = "libc++";
				CLANG_ENABLE_MODULES = YES;
				CLANG_ENABLE_OBJC_ARC = YES;
				CLANG_ENABLE_OBJC_WEAK = YES;
				CLANG_WARN_BLOCK_CAPTURE_AUTORELEASING = YES;
				CLANG_WARN_BOOL_CONVERSION = YES;
				CLANG_WARN_COMMA = YES;
				CLANG_WARN_CONSTANT_CONVERSION = YES;
				CLANG_WARN_DEPRECATED_OBJC_IMPLEMENTATIONS = YES;
				CLANG_WARN_DIRECT_OBJC_ISA_USAGE = YES_ERROR;
				CLANG_WARN_DOCUMENTATION_COMMENTS = YES;
				CLANG_WARN_EMPTY_BODY = YES;
				CLANG_WARN_ENUM_CONVERSION = YES;
				CLANG_WARN_INFINITE_RECURSION = YES;
				CLANG_WARN_INT_CONVERSION = YES;
				CLANG_WARN_NON_LITERAL_NULL_CONVERSION = YES;
				CLANG_WARN_OBJC_IMPLICIT_RETAIN_SELF = YES;
				CLANG_WARN_OBJC_LITERAL_CONVERSION = YES;
				CLANG_WARN_OBJC_ROOT_CLASS = YES_ERROR;
				CLANG_WARN_RANGE_LOOP_ANALYSIS = YES;
				CLANG_WARN_STRICT_PROTOTYPES = YES;
				CLANG_WARN_SUSPICIOUS_MOVE = YES;
				CLANG_WARN_UNGUARDED_AVAILABILITY = YES_AGGRESSIVE;
				CLANG_WARN_UNREACHABLE_CODE = YES;
				CLANG_WARN__DUPLICATE_METHOD_MATCH = YES;
				COPY_PHASE_STRIP = NO;
				DEBUG_INFORMATION_FORMAT = dwarf;
				ENABLE_STRICT_OBJC_MSGSEND = YES;
				ENABLE_TESTABILITY = YES;
				GCC_C_LANGUAGE_STANDARD = gnu11;
				GCC_DYNAMIC_NO_PIC = NO;
				GCC_NO_COMMON_BLOCKS = YES;
				GCC_OPTIMIZATION_LEVEL = 0;
				GCC_PREPROCESSOR_DEFINITIONS = (
					"DEBUG=1",
					"$(inherited)",
				);
				GCC_WARN_64_TO_32_BIT_CONVERSION = YES;
				GCC_WARN_ABOUT_RETURN_TYPE = YES_ERROR;
				GCC_WARN_UNDECLARED_SELECTOR = YES;
				GCC_WARN_UNINITIALIZED_AUTOS = YES_AGGRESSIVE;
				GCC_WARN_UNUSED_FUNCTION = YES;
				GCC_WARN_UNUSED_VARIABLE = YES;
				MACOSX_DEPLOYMENT_TARGET = 10.15;
				MTL_ENABLE_DEBUG_INFO = INCLUDE_SOURCE;
				MTL_FAST_MATH = YES;
				ONLY_ACTIVE_ARCH = YES;
				SDKROOT = macosx;
			};
			name = Debug;
		};
		1CED5CD82379ADBE007E9D8B /* Release */ = {
			isa = XCBuildConfiguration;
			buildSettings = {
				ALWAYS_SEARCH_USER_PATHS = NO;
				CLANG_ANALYZER_NONNULL = YES;
				CLANG_ANALYZER_NUMBER_OBJECT_CONVERSION = YES_AGGRESSIVE;
				CLANG_CXX_LANGUAGE_STANDARD = "gnu++17";
				CLANG_CXX_LIBRARY = "libc++";
				CLANG_ENABLE_MODULES = YES;
				CLANG_ENABLE_OBJC_ARC = YES;
				CLANG_ENABLE_OBJC_WEAK = YES;
				CLANG_WARN_BLOCK_CAPTURE_AUTORELEASING = YES;
				CLANG_WARN_BOOL_CONVERSION = YES;
				CLANG_WARN_COMMA = YES;
				CLANG_WARN_CONSTANT_CONVERSION = YES;
				CLANG_WARN_DEPRECATED_OBJC_IMPLEMENTATIONS = YES;
				CLANG_WARN_DIRECT_OBJC_ISA_USAGE = YES_ERROR;
				CLANG_WARN_DOCUMENTATION_COMMENTS = YES;
				CLANG_WARN_EMPTY_BODY = YES;
				CLANG_WARN_ENUM_CONVERSION = YES;
				CLANG_WARN_INFINITE_RECURSION = YES;
				CLANG_WARN_INT_CONVERSION = YES;
				CLANG_WARN_NON_LITERAL_NULL_CONVERSION = YES;
				CLANG_WARN_OBJC_IMPLICIT_RETAIN_SELF = YES;
				CLANG_WARN_OBJC_LITERAL_CONVERSION = YES;
				CLANG_WARN_OBJC_ROOT_CLASS = YES_ERROR;
				CLANG_WARN_RANGE_LOOP_ANALYSIS = YES;
				CLANG_WARN_STRICT_PROTOTYPES = YES;
				CLANG_WARN_SUSPICIOUS_MOVE = YES;
				CLANG_WARN_UNGUARDED_AVAILABILITY = YES_AGGRESSIVE;
				CLANG_WARN_UNREACHABLE_CODE = YES;
				CLANG_WARN__DUPLICATE_METHOD_MATCH = YES;
				COPY_PHASE_STRIP = NO;
				DEBUG_INFORMATION_FORMAT = "dwarf-with-dsym";
				ENABLE_NS_ASSERTIONS = NO;
				ENABLE_STRICT_OBJC_MSGSEND = YES;
				GCC_C_LANGUAGE_STANDARD = gnu11;
				GCC_NO_COMMON_BLOCKS = YES;
				GCC_WARN_64_TO_32_BIT_CONVERSION = YES;
				GCC_WARN_ABOUT_RETURN_TYPE = YES_ERROR;
				GCC_WARN_UNDECLARED_SELECTOR = YES;
				GCC_WARN_UNINITIALIZED_AUTOS = YES_AGGRESSIVE;
				GCC_WARN_UNUSED_FUNCTION = YES;
				GCC_WARN_UNUSED_VARIABLE = YES;
				MACOSX_DEPLOYMENT_TARGET = 10.15;
				MTL_ENABLE_DEBUG_INFO = NO;
				MTL_FAST_MATH = YES;
				SDKROOT = macosx;
			};
			name = Release;
		};
		1CED5CE52379AE57007E9D8B /* Debug */ = {
			isa = XCBuildConfiguration;
			buildSettings = {
				CLANG_CXX_LANGUAGE_STANDARD = "gnu++17";
				CODE_SIGN_STYLE = Automatic;
				DEVELOPMENT_TEAM = 5968Q4J34P;
				ENABLE_HARDENED_RUNTIME = YES;
				PRODUCT_NAME = "$(TARGET_NAME)";
			};
			name = Debug;
		};
		1CED5CE62379AE57007E9D8B /* Release */ = {
			isa = XCBuildConfiguration;
			buildSettings = {
				CLANG_CXX_LANGUAGE_STANDARD = "gnu++17";
				CODE_SIGN_STYLE = Automatic;
				DEVELOPMENT_TEAM = 5968Q4J34P;
				ENABLE_HARDENED_RUNTIME = YES;
				PRODUCT_NAME = "$(TARGET_NAME)";
			};
			name = Release;
		};
		1CEECAF92383DB44004A99DE /* Debug */ = {
			isa = XCBuildConfiguration;
			buildSettings = {
				CODE_SIGN_STYLE = Automatic;
				DEVELOPMENT_TEAM = 5968Q4J34P;
				ENABLE_HARDENED_RUNTIME = YES;
				PRODUCT_NAME = "$(TARGET_NAME)";
			};
			name = Debug;
		};
		1CEECAFA2383DB44004A99DE /* Release */ = {
			isa = XCBuildConfiguration;
			buildSettings = {
				CODE_SIGN_STYLE = Automatic;
				DEVELOPMENT_TEAM = 5968Q4J34P;
				ENABLE_HARDENED_RUNTIME = YES;
				PRODUCT_NAME = "$(TARGET_NAME)";
			};
			name = Release;
		};
		1CEECB042383E553004A99DE /* Debug */ = {
			isa = XCBuildConfiguration;
			buildSettings = {
				CODE_SIGN_STYLE = Automatic;
				DEVELOPMENT_TEAM = 5968Q4J34P;
				ENABLE_HARDENED_RUNTIME = YES;
				PRODUCT_NAME = "$(TARGET_NAME)";
			};
			name = Debug;
		};
		1CEECB052383E553004A99DE /* Release */ = {
			isa = XCBuildConfiguration;
			buildSettings = {
				CODE_SIGN_STYLE = Automatic;
				DEVELOPMENT_TEAM = 5968Q4J34P;
				ENABLE_HARDENED_RUNTIME = YES;
				PRODUCT_NAME = "$(TARGET_NAME)";
			};
			name = Release;
		};
		1CEECB10238433B8004A99DE /* Debug */ = {
			isa = XCBuildConfiguration;
			buildSettings = {
				CODE_SIGN_STYLE = Automatic;
				DEVELOPMENT_TEAM = 5968Q4J34P;
				ENABLE_HARDENED_RUNTIME = YES;
				PRODUCT_NAME = "$(TARGET_NAME)";
			};
			name = Debug;
		};
		1CEECB11238433B8004A99DE /* Release */ = {
			isa = XCBuildConfiguration;
			buildSettings = {
				CODE_SIGN_STYLE = Automatic;
				DEVELOPMENT_TEAM = 5968Q4J34P;
				ENABLE_HARDENED_RUNTIME = YES;
				PRODUCT_NAME = "$(TARGET_NAME)";
			};
			name = Release;
		};
		1CEECB1B238433D4004A99DE /* Debug */ = {
			isa = XCBuildConfiguration;
			buildSettings = {
				CODE_SIGN_STYLE = Automatic;
				DEVELOPMENT_TEAM = 5968Q4J34P;
				ENABLE_HARDENED_RUNTIME = YES;
				PRODUCT_NAME = "$(TARGET_NAME)";
			};
			name = Debug;
		};
		1CEECB1C238433D4004A99DE /* Release */ = {
			isa = XCBuildConfiguration;
			buildSettings = {
				CODE_SIGN_STYLE = Automatic;
				DEVELOPMENT_TEAM = 5968Q4J34P;
				ENABLE_HARDENED_RUNTIME = YES;
				PRODUCT_NAME = "$(TARGET_NAME)";
			};
			name = Release;
		};
		1CEECB26238433E2004A99DE /* Debug */ = {
			isa = XCBuildConfiguration;
			buildSettings = {
				CODE_SIGN_STYLE = Automatic;
				DEVELOPMENT_TEAM = 5968Q4J34P;
				ENABLE_HARDENED_RUNTIME = YES;
				PRODUCT_NAME = "$(TARGET_NAME)";
			};
			name = Debug;
		};
		1CEECB27238433E2004A99DE /* Release */ = {
			isa = XCBuildConfiguration;
			buildSettings = {
				CODE_SIGN_STYLE = Automatic;
				DEVELOPMENT_TEAM = 5968Q4J34P;
				ENABLE_HARDENED_RUNTIME = YES;
				PRODUCT_NAME = "$(TARGET_NAME)";
			};
			name = Release;
		};
		1CEECB31238433F1004A99DE /* Debug */ = {
			isa = XCBuildConfiguration;
			buildSettings = {
				CODE_SIGN_STYLE = Automatic;
				DEVELOPMENT_TEAM = 5968Q4J34P;
				ENABLE_HARDENED_RUNTIME = YES;
				PRODUCT_NAME = "$(TARGET_NAME)";
			};
			name = Debug;
		};
		1CEECB32238433F1004A99DE /* Release */ = {
			isa = XCBuildConfiguration;
			buildSettings = {
				CODE_SIGN_STYLE = Automatic;
				DEVELOPMENT_TEAM = 5968Q4J34P;
				ENABLE_HARDENED_RUNTIME = YES;
				PRODUCT_NAME = "$(TARGET_NAME)";
			};
			name = Release;
		};
		1CEECB3E238A2A53004A99DE /* Debug */ = {
			isa = XCBuildConfiguration;
			buildSettings = {
				CODE_SIGN_STYLE = Manual;
				DEVELOPMENT_TEAM = "";
				ENABLE_HARDENED_RUNTIME = YES;
				PRODUCT_NAME = "$(TARGET_NAME)";
				PROVISIONING_PROFILE_SPECIFIER = "";
			};
			name = Debug;
		};
		1CEECB3F238A2A53004A99DE /* Release */ = {
			isa = XCBuildConfiguration;
			buildSettings = {
				CODE_SIGN_STYLE = Manual;
				DEVELOPMENT_TEAM = "";
				ENABLE_HARDENED_RUNTIME = YES;
				PRODUCT_NAME = "$(TARGET_NAME)";
				PROVISIONING_PROFILE_SPECIFIER = "";
			};
			name = Release;
		};
/* End XCBuildConfiguration section */

/* Begin XCConfigurationList section */
		1C03215F2379BE9B000D95BA /* Build configuration list for PBXNativeTarget "LCW162_1253_Reconstruct" */ = {
			isa = XCConfigurationList;
			buildConfigurations = (
				1C0321602379BE9B000D95BA /* Debug */,
				1C0321612379BE9B000D95BA /* Release */,
			);
			defaultConfigurationIsVisible = 0;
			defaultConfigurationName = Release;
		};
		1C03216A2379C247000D95BA /* Build configuration list for PBXNativeTarget "LCW160_1237_Find" */ = {
			isa = XCConfigurationList;
			buildConfigurations = (
				1C03216B2379C247000D95BA /* Debug */,
				1C03216C2379C247000D95BA /* Release */,
			);
			defaultConfigurationIsVisible = 0;
			defaultConfigurationName = Release;
		};
		1C72CFD7238D6E7800EB7D35 /* Build configuration list for PBXNativeTarget "LCW164_1266_Minimum" */ = {
			isa = XCConfigurationList;
			buildConfigurations = (
				1C72CFD8238D6E7800EB7D35 /* Debug */,
				1C72CFD9238D6E7800EB7D35 /* Release */,
			);
			defaultConfigurationIsVisible = 0;
			defaultConfigurationName = Release;
		};
		1C72CFE3238D704900EB7D35 /* Build configuration list for PBXNativeTarget "LCW164_1267_Count" */ = {
			isa = XCConfigurationList;
			buildConfigurations = (
				1C72CFE4238D704900EB7D35 /* Debug */,
				1C72CFE5238D704900EB7D35 /* Release */,
			);
			defaultConfigurationIsVisible = 0;
			defaultConfigurationName = Release;
		};
		1C72CFEF238D72F800EB7D35 /* Build configuration list for PBXNativeTarget "LCW163_1260_Shift" */ = {
			isa = XCConfigurationList;
			buildConfigurations = (
				1C72CFF0238D72F800EB7D35 /* Debug */,
				1C72CFF1238D72F800EB7D35 /* Release */,
			);
			defaultConfigurationIsVisible = 0;
			defaultConfigurationName = Release;
		};
		1C72CFFB238D7A9B00EB7D35 /* Build configuration list for PBXNativeTarget "LCW163_1261_Find" */ = {
			isa = XCConfigurationList;
			buildConfigurations = (
				1C72CFFC238D7A9B00EB7D35 /* Debug */,
				1C72CFFD238D7A9B00EB7D35 /* Release */,
			);
			defaultConfigurationIsVisible = 0;
			defaultConfigurationName = Release;
		};
		1C72D008238D7EE900EB7D35 /* Build configuration list for PBXNativeTarget "LCW163_1262_Greatest" */ = {
			isa = XCConfigurationList;
			buildConfigurations = (
				1C72D009238D7EE900EB7D35 /* Debug */,
				1C72D00A238D7EE900EB7D35 /* Release */,
			);
			defaultConfigurationIsVisible = 0;
			defaultConfigurationName = Release;
		};
		1CB3C387238EAF7B004E797F /* Build configuration list for PBXNativeTarget "ECFR77_1260A_Heating" */ = {
			isa = XCConfigurationList;
			buildConfigurations = (
				1CB3C385238EAF7B004E797F /* Debug */,
				1CB3C386238EAF7B004E797F /* Release */,
			);
			defaultConfigurationIsVisible = 0;
			defaultConfigurationName = Release;
		};
		1CB3C390238EAF89004E797F /* Build configuration list for PBXNativeTarget "ECFR77_1260B_Obtain" */ = {
			isa = XCConfigurationList;
			buildConfigurations = (
				1CB3C391238EAF89004E797F /* Debug */,
				1CB3C392238EAF89004E797F /* Release */,
			);
			defaultConfigurationIsVisible = 0;
			defaultConfigurationName = Release;
		};
		1CB3C39B238EAF9A004E797F /* Build configuration list for PBXNativeTarget "ECFR77_1260C_Infinite" */ = {
			isa = XCConfigurationList;
			buildConfigurations = (
				1CB3C39C238EAF9A004E797F /* Debug */,
				1CB3C39D238EAF9A004E797F /* Release */,
			);
			defaultConfigurationIsVisible = 0;
			defaultConfigurationName = Release;
		};
		1CB3C424238FAEB3004E797F /* Build configuration list for PBXNativeTarget "Tests" */ = {
			isa = XCConfigurationList;
			buildConfigurations = (
				1CB3C425238FAEB3004E797F /* Debug */,
				1CB3C426238FAEB3004E797F /* Release */,
			);
			defaultConfigurationIsVisible = 0;
			defaultConfigurationName = Release;
		};
		1CD627D6238A6EC5003AD2B6 /* Build configuration list for PBXNativeTarget "CFR602_1262A_Math" */ = {
			isa = XCConfigurationList;
			buildConfigurations = (
				1CD627D7238A6EC5003AD2B6 /* Debug */,
				1CD627D8238A6EC5003AD2B6 /* Release */,
			);
			defaultConfigurationIsVisible = 0;
			defaultConfigurationName = Release;
		};
		1CD627E1238A6ED1003AD2B6 /* Build configuration list for PBXNativeTarget "CFR602_1262B_Box" */ = {
			isa = XCConfigurationList;
			buildConfigurations = (
				1CD627E2238A6ED1003AD2B6 /* Debug */,
				1CD627E3238A6ED1003AD2B6 /* Release */,
			);
			defaultConfigurationIsVisible = 0;
			defaultConfigurationName = Release;
		};
		1CD627EC238A6EDD003AD2B6 /* Build configuration list for PBXNativeTarget "CFR602_1262C_Messy" */ = {
			isa = XCConfigurationList;
			buildConfigurations = (
				1CD627ED238A6EDD003AD2B6 /* Debug */,
				1CD627EE238A6EDD003AD2B6 /* Release */,
			);
			defaultConfigurationIsVisible = 0;
			defaultConfigurationName = Release;
		};
		1CED5CCD2379ADBE007E9D8B /* Build configuration list for PBXProject "codingcontests" */ = {
			isa = XCConfigurationList;
			buildConfigurations = (
				1CED5CD72379ADBE007E9D8B /* Debug */,
				1CED5CD82379ADBE007E9D8B /* Release */,
			);
			defaultConfigurationIsVisible = 0;
			defaultConfigurationName = Release;
		};
		1CED5CE42379AE57007E9D8B /* Build configuration list for PBXNativeTarget "LCW162_1252_Cells" */ = {
			isa = XCConfigurationList;
			buildConfigurations = (
				1CED5CE52379AE57007E9D8B /* Debug */,
				1CED5CE62379AE57007E9D8B /* Release */,
			);
			defaultConfigurationIsVisible = 0;
			defaultConfigurationName = Release;
		};
		1CEECAF82383DB44004A99DE /* Build configuration list for PBXNativeTarget "CFR600_1253A_Single" */ = {
			isa = XCConfigurationList;
			buildConfigurations = (
				1CEECAF92383DB44004A99DE /* Debug */,
				1CEECAFA2383DB44004A99DE /* Release */,
			);
			defaultConfigurationIsVisible = 0;
			defaultConfigurationName = Release;
		};
		1CEECB032383E553004A99DE /* Build configuration list for PBXNativeTarget "CFR600_1253B_Silly" */ = {
			isa = XCConfigurationList;
			buildConfigurations = (
				1CEECB042383E553004A99DE /* Debug */,
				1CEECB052383E553004A99DE /* Release */,
			);
			defaultConfigurationIsVisible = 0;
			defaultConfigurationName = Release;
		};
		1CEECB0F238433B8004A99DE /* Build configuration list for PBXNativeTarget "CFR601_1255A_Changing" */ = {
			isa = XCConfigurationList;
			buildConfigurations = (
				1CEECB10238433B8004A99DE /* Debug */,
				1CEECB11238433B8004A99DE /* Release */,
			);
			defaultConfigurationIsVisible = 0;
			defaultConfigurationName = Release;
		};
		1CEECB1A238433D4004A99DE /* Build configuration list for PBXNativeTarget "CFR601_1255B_Fridge" */ = {
			isa = XCConfigurationList;
			buildConfigurations = (
				1CEECB1B238433D4004A99DE /* Debug */,
				1CEECB1C238433D4004A99DE /* Release */,
			);
			defaultConfigurationIsVisible = 0;
			defaultConfigurationName = Release;
		};
		1CEECB25238433E2004A99DE /* Build configuration list for PBXNativeTarget "CFR601_1255C_League" */ = {
			isa = XCConfigurationList;
			buildConfigurations = (
				1CEECB26238433E2004A99DE /* Debug */,
				1CEECB27238433E2004A99DE /* Release */,
			);
			defaultConfigurationIsVisible = 0;
			defaultConfigurationName = Release;
		};
		1CEECB30238433F1004A99DE /* Build configuration list for PBXNativeTarget "CFR601_1254A_Feeding" */ = {
			isa = XCConfigurationList;
			buildConfigurations = (
				1CEECB31238433F1004A99DE /* Debug */,
				1CEECB32238433F1004A99DE /* Release */,
			);
			defaultConfigurationIsVisible = 0;
			defaultConfigurationName = Release;
		};
		1CEECB3D238A2A53004A99DE /* Build configuration list for PBXNativeTarget "LCW164_1268_Search" */ = {
			isa = XCConfigurationList;
			buildConfigurations = (
				1CEECB3E238A2A53004A99DE /* Debug */,
				1CEECB3F238A2A53004A99DE /* Release */,
			);
			defaultConfigurationIsVisible = 0;
			defaultConfigurationName = Release;
		};
/* End XCConfigurationList section */
	};
	rootObject = 1CED5CCA2379ADBE007E9D8B /* Project object */;
}
